// !$*UTF8*$!
{
	archiveVersion = 1;
	classes = {
	};
	objectVersion = 56;
	objects = {

/* Begin PBXBuildFile section */
		3A0416452BEB89AE0012D400 /* getChats.json in Resources */ = {isa = PBXBuildFile; fileRef = 3A04163C2BEB89AE0012D400 /* getChats.json */; };
		3A0416462BEB89AE0012D400 /* getContacts.json in Resources */ = {isa = PBXBuildFile; fileRef = 3A04163D2BEB89AE0012D400 /* getContacts.json */; };
		3A0416472BEB89AE0012D400 /* loginResponse.json in Resources */ = {isa = PBXBuildFile; fileRef = 3A04163E2BEB89AE0012D400 /* loginResponse.json */; };
		3A0416482BEB89AE0012D400 /* newChat.json in Resources */ = {isa = PBXBuildFile; fileRef = 3A04163F2BEB89AE0012D400 /* newChat.json */; };
		3A0416492BEB89AE0012D400 /* ChatList.json in Resources */ = {isa = PBXBuildFile; fileRef = 3A0416402BEB89AE0012D400 /* ChatList.json */; };
		3A04164A2BEB89AE0012D400 /* createAndRegisterProfile.json in Resources */ = {isa = PBXBuildFile; fileRef = 3A0416412BEB89AE0012D400 /* createAndRegisterProfile.json */; };
		3A04164C2BEB89AE0012D400 /* response.json in Resources */ = {isa = PBXBuildFile; fileRef = 3A0416432BEB89AE0012D400 /* response.json */; };
		3A04164D2BEB89AE0012D400 /* messages.json in Resources */ = {isa = PBXBuildFile; fileRef = 3A0416442BEB89AE0012D400 /* messages.json */; };
		3A0416502BEB89F70012D400 /* URLSessionMock.swift in Sources */ = {isa = PBXBuildFile; fileRef = 3A04164F2BEB89F70012D400 /* URLSessionMock.swift */; };
		3A0416522BEB8C010012D400 /* LoginDataManagerTests.swift in Sources */ = {isa = PBXBuildFile; fileRef = 3A0416512BEB8C010012D400 /* LoginDataManagerTests.swift */; };
		3A0416542BEBA3A80012D400 /* logoutResponse.json in Resources */ = {isa = PBXBuildFile; fileRef = 3A0416532BEBA3A80012D400 /* logoutResponse.json */; };
		3A0416562BEBA8A70012D400 /* createChat.json in Resources */ = {isa = PBXBuildFile; fileRef = 3A0416552BEBA8A70012D400 /* createChat.json */; };
		3A04165B2BEBBA760012D400 /* HomeDataManagerTests.swift in Sources */ = {isa = PBXBuildFile; fileRef = 3A04165A2BEBBA760012D400 /* HomeDataManagerTests.swift */; };
		3A04165D2BEBBB3C0012D400 /* Commons.swift in Sources */ = {isa = PBXBuildFile; fileRef = 3A04165C2BEBBB3C0012D400 /* Commons.swift */; };
		3A04165F2BEBC0F80012D400 /* ChatDataManagerTests.swift in Sources */ = {isa = PBXBuildFile; fileRef = 3A04165E2BEBC0F80012D400 /* ChatDataManagerTests.swift */; };
		3A0416612BEBC6970012D400 /* ProfileDataManagerTests.swift in Sources */ = {isa = PBXBuildFile; fileRef = 3A0416602BEBC6970012D400 /* ProfileDataManagerTests.swift */; };
		3A0923F42BF2692F00538A1D /* LoginDataManagerMock.swift in Sources */ = {isa = PBXBuildFile; fileRef = 3A0923F32BF2692F00538A1D /* LoginDataManagerMock.swift */; };
		3A0923F62BF2728100538A1D /* LoginView.swift in Sources */ = {isa = PBXBuildFile; fileRef = 3A0923F52BF2728100538A1D /* LoginView.swift */; };
		3A0923F92BF272F200538A1D /* LogoVassView.swift in Sources */ = {isa = PBXBuildFile; fileRef = 3A0923F82BF272F200538A1D /* LogoVassView.swift */; };
		3A14DE882C087E020013FE57 /* SecureKit.swift in Sources */ = {isa = PBXBuildFile; fileRef = 3A14DE872C087E020013FE57 /* SecureKit.swift */; };
		3A1CAAA62BFE7B720026F63F /* Theme.swift in Sources */ = {isa = PBXBuildFile; fileRef = 3A1CAAA52BFE7B720026F63F /* Theme.swift */; };
		3A2E17D42BEA93F20039365A /* ProfileAPIClientTests.swift in Sources */ = {isa = PBXBuildFile; fileRef = 3A2E17D32BEA93F20039365A /* ProfileAPIClientTests.swift */; };
		3A2E17D62BEA9BBE0039365A /* ContactsAPIClientTests.swift in Sources */ = {isa = PBXBuildFile; fileRef = 3A2E17D52BEA9BBE0039365A /* ContactsAPIClientTests.swift */; };
		3A2E17D82BEAA4350039365A /* SettingsAPIClientTests.swift in Sources */ = {isa = PBXBuildFile; fileRef = 3A2E17D72BEAA4350039365A /* SettingsAPIClientTests.swift */; };
		3A2E17DA2BEAABDB0039365A /* LoginAPIClientTests.swift in Sources */ = {isa = PBXBuildFile; fileRef = 3A2E17D92BEAABDB0039365A /* LoginAPIClientTests.swift */; };
		3A2E17DC2BEAAE6F0039365A /* Helpers.swift in Sources */ = {isa = PBXBuildFile; fileRef = 3A2E17DB2BEAAE6F0039365A /* Helpers.swift */; };
		3A370A612BF4E77B0045128F /* UIImageExtension.swift in Sources */ = {isa = PBXBuildFile; fileRef = 3A370A602BF4E77B0045128F /* UIImageExtension.swift */; };
		3A370A632BF4F9630045128F /* ContactsDataManagerMock.swift in Sources */ = {isa = PBXBuildFile; fileRef = 3A370A622BF4F9630045128F /* ContactsDataManagerMock.swift */; };
		3A370A652BF529500045128F /* LocalPersistence.swift in Sources */ = {isa = PBXBuildFile; fileRef = 3A370A642BF529500045128F /* LocalPersistence.swift */; };
		3A370A672BF52D070045128F /* PhotosPickerExtension.swift in Sources */ = {isa = PBXBuildFile; fileRef = 3A370A662BF52D070045128F /* PhotosPickerExtension.swift */; };
		3A38C9B62BEA6D270068D8F0 /* HomeAPIClientTests.swift in Sources */ = {isa = PBXBuildFile; fileRef = 3A38C9B52BEA6D270068D8F0 /* HomeAPIClientTests.swift */; };
		3A38C9B82BEA7A550068D8F0 /* ChatAPIClientTests.swift in Sources */ = {isa = PBXBuildFile; fileRef = 3A38C9B72BEA7A550068D8F0 /* ChatAPIClientTests.swift */; };
		3A3F1DD62C06104800BFB48E /* KeychainSwift in Frameworks */ = {isa = PBXBuildFile; productRef = 3A3F1DD52C06104800BFB48E /* KeychainSwift */; };
		3A4329B22BEA35C20027E021 /* Preview+Models.swift in Sources */ = {isa = PBXBuildFile; fileRef = 3A4329B12BEA35C20027E021 /* Preview+Models.swift */; };
		3A50D3042BDA9608002007A3 /* NetworkSession.swift in Sources */ = {isa = PBXBuildFile; fileRef = 3A50D3032BDA9608002007A3 /* NetworkSession.swift */; };
		3A50D3062BDA9F08002007A3 /* NetworkMonitor.swift in Sources */ = {isa = PBXBuildFile; fileRef = 3A50D3052BDA9F08002007A3 /* NetworkMonitor.swift */; };
		3A50D3082BDAA02C002007A3 /* Interface.swift in Sources */ = {isa = PBXBuildFile; fileRef = 3A50D3072BDAA02C002007A3 /* Interface.swift */; };
		3A526D152BF7C3E500973D22 /* WhatVassApp.swift in Sources */ = {isa = PBXBuildFile; fileRef = 3A526D142BF7C3E500973D22 /* WhatVassApp.swift */; };
		3A6806892BEBCD4E00EBD93E /* ContactsDataManagerTests.swift in Sources */ = {isa = PBXBuildFile; fileRef = 3A6806882BEBCD4E00EBD93E /* ContactsDataManagerTests.swift */; };
		3A68068B2BEBD17900EBD93E /* SettingsDataManagerTests.swift in Sources */ = {isa = PBXBuildFile; fileRef = 3A68068A2BEBD17900EBD93E /* SettingsDataManagerTests.swift */; };
		3A6806992BEC041200EBD93E /* loginResponse.json in Resources */ = {isa = PBXBuildFile; fileRef = 3A68068F2BEC041100EBD93E /* loginResponse.json */; };
		3A68069A2BEC041200EBD93E /* getChats.json in Resources */ = {isa = PBXBuildFile; fileRef = 3A6806902BEC041100EBD93E /* getChats.json */; };
		3A68069B2BEC041200EBD93E /* getContacts.json in Resources */ = {isa = PBXBuildFile; fileRef = 3A6806912BEC041100EBD93E /* getContacts.json */; };
		3A68069C2BEC041200EBD93E /* messages.json in Resources */ = {isa = PBXBuildFile; fileRef = 3A6806922BEC041100EBD93E /* messages.json */; };
		3A68069D2BEC041200EBD93E /* newChat.json in Resources */ = {isa = PBXBuildFile; fileRef = 3A6806932BEC041200EBD93E /* newChat.json */; };
		3A68069E2BEC041200EBD93E /* createChat.json in Resources */ = {isa = PBXBuildFile; fileRef = 3A6806942BEC041200EBD93E /* createChat.json */; };
		3A68069F2BEC041200EBD93E /* logoutResponse.json in Resources */ = {isa = PBXBuildFile; fileRef = 3A6806952BEC041200EBD93E /* logoutResponse.json */; };
		3A6806A02BEC041200EBD93E /* ChatList.json in Resources */ = {isa = PBXBuildFile; fileRef = 3A6806962BEC041200EBD93E /* ChatList.json */; };
		3A6806A12BEC041200EBD93E /* createAndRegisterProfile.json in Resources */ = {isa = PBXBuildFile; fileRef = 3A6806972BEC041200EBD93E /* createAndRegisterProfile.json */; };
		3A6806A22BEC041200EBD93E /* response.json in Resources */ = {isa = PBXBuildFile; fileRef = 3A6806982BEC041200EBD93E /* response.json */; };
		3A6806A42BEC08E800EBD93E /* Preview+Bundle.swift in Sources */ = {isa = PBXBuildFile; fileRef = 3A6806A32BEC08E800EBD93E /* Preview+Bundle.swift */; };
		3AC0E2B72BF62A5700D86E85 /* NotificatorCenterExtensions.swift in Sources */ = {isa = PBXBuildFile; fileRef = 3AC0E2B62BF62A5700D86E85 /* NotificatorCenterExtensions.swift */; };
		3AC0E2B92BF638FF00D86E85 /* ProfileDataManagerMock.swift in Sources */ = {isa = PBXBuildFile; fileRef = 3AC0E2B82BF638FF00D86E85 /* ProfileDataManagerMock.swift */; };
		3AC0E2BB2BF64EA500D86E85 /* PreviewsExtensions.swift in Sources */ = {isa = PBXBuildFile; fileRef = 3AC0E2BA2BF64EA500D86E85 /* PreviewsExtensions.swift */; };
		3AC0E2BD2BF672BA00D86E85 /* MockPersistence.swift in Sources */ = {isa = PBXBuildFile; fileRef = 3AC0E2BC2BF672BA00D86E85 /* MockPersistence.swift */; };
		3AC0E2C12BF6770C00D86E85 /* KeyChain.swift in Sources */ = {isa = PBXBuildFile; fileRef = 3AC0E2C02BF6770C00D86E85 /* KeyChain.swift */; };
		3AFA9E5D2BF3B067000EC67F /* ProfileView.swift in Sources */ = {isa = PBXBuildFile; fileRef = 3AFA9E5C2BF3B067000EC67F /* ProfileView.swift */; };
		3AFA9E602BF3C121000EC67F /* VassTextField.swift in Sources */ = {isa = PBXBuildFile; fileRef = 3AFA9E5F2BF3C121000EC67F /* VassTextField.swift */; };
		3AFA9E622BF3E1A9000EC67F /* PasswordValidator.swift in Sources */ = {isa = PBXBuildFile; fileRef = 3AFA9E612BF3E1A9000EC67F /* PasswordValidator.swift */; };
		3AFA9E652BF3EF3A000EC67F /* UIViewControllerExtensions.swift in Sources */ = {isa = PBXBuildFile; fileRef = 3AFA9E642BF3EF3A000EC67F /* UIViewControllerExtensions.swift */; };
		3AFD14D72BECBE0500C86030 /* HomeDataManagerMock.swift in Sources */ = {isa = PBXBuildFile; fileRef = 3AFD14D62BECBE0500C86030 /* HomeDataManagerMock.swift */; };
		3AFD14D92BECC59A00C86030 /* ChatDataManagerMock.swift in Sources */ = {isa = PBXBuildFile; fileRef = 3AFD14D82BECC59A00C86030 /* ChatDataManagerMock.swift */; };
		3AFD14DB2BED020500C86030 /* UserInitialCircleStatusIndicator.swift in Sources */ = {isa = PBXBuildFile; fileRef = 3AFD14DA2BED020500C86030 /* UserInitialCircleStatusIndicator.swift */; };
		3AFD14DD2BED024600C86030 /* UserInitialCircle.swift in Sources */ = {isa = PBXBuildFile; fileRef = 3AFD14DC2BED024600C86030 /* UserInitialCircle.swift */; };
		3AFD14DF2BED250700C86030 /* SplashView.swift in Sources */ = {isa = PBXBuildFile; fileRef = 3AFD14DE2BED250700C86030 /* SplashView.swift */; };
		3AFD14E12BED3E8200C86030 /* ViewExtensions.swift in Sources */ = {isa = PBXBuildFile; fileRef = 3AFD14E02BED3E8200C86030 /* ViewExtensions.swift */; };
		3AFD14E32BED3EB400C86030 /* SettingsView.swift in Sources */ = {isa = PBXBuildFile; fileRef = 3AFD14E22BED3EB400C86030 /* SettingsView.swift */; };
		3AFD14E52BED4A4F00C86030 /* SettingsDataManagerMock.swift in Sources */ = {isa = PBXBuildFile; fileRef = 3AFD14E42BED4A4F00C86030 /* SettingsDataManagerMock.swift */; };
		3AFD14E72BED4B5300C86030 /* KeychainMock.swift in Sources */ = {isa = PBXBuildFile; fileRef = 3AFD14E62BED4B5300C86030 /* KeychainMock.swift */; };
		3AFD14EA2BED4CE400C86030 /* ToggleRow.swift in Sources */ = {isa = PBXBuildFile; fileRef = 3AFD14E92BED4CE400C86030 /* ToggleRow.swift */; };
		3AFD14EC2BED4CFD00C86030 /* VassToggle.swift in Sources */ = {isa = PBXBuildFile; fileRef = 3AFD14EB2BED4CFD00C86030 /* VassToggle.swift */; };
		3AFD14EE2BED4D0F00C86030 /* VassButton.swift in Sources */ = {isa = PBXBuildFile; fileRef = 3AFD14ED2BED4D0F00C86030 /* VassButton.swift */; };
		8313E3642BA97591001FA804 /* KeyChainDataProvider.swift in Sources */ = {isa = PBXBuildFile; fileRef = 8313E3632BA97591001FA804 /* KeyChainDataProvider.swift */; };
		833889FE2B976FC9006F122D /* AppDelegate.swift in Sources */ = {isa = PBXBuildFile; fileRef = 833889FD2B976FC9006F122D /* AppDelegate.swift */; };
		83388A002B976FC9006F122D /* SceneDelegate.swift in Sources */ = {isa = PBXBuildFile; fileRef = 833889FF2B976FC9006F122D /* SceneDelegate.swift */; };
		83388A0A2B976FCA006F122D /* Assets.xcassets in Resources */ = {isa = PBXBuildFile; fileRef = 83388A092B976FCA006F122D /* Assets.xcassets */; };
		83388A3A2B9775A0006F122D /* LoginViewModel.swift in Sources */ = {isa = PBXBuildFile; fileRef = 83388A392B9775A0006F122D /* LoginViewModel.swift */; };
		83388A3C2B9775B2006F122D /* LoginDataManager.swift in Sources */ = {isa = PBXBuildFile; fileRef = 83388A3B2B9775B2006F122D /* LoginDataManager.swift */; };
		83388A3E2B9775C0006F122D /* LoginAPIClient.swift in Sources */ = {isa = PBXBuildFile; fileRef = 83388A3D2B9775C0006F122D /* LoginAPIClient.swift */; };
		834761902B9EED3500485E2F /* ChatView.swift in Sources */ = {isa = PBXBuildFile; fileRef = 8347618F2B9EED3500485E2F /* ChatView.swift */; };
		834761922B9EED4800485E2F /* ChatViewModel.swift in Sources */ = {isa = PBXBuildFile; fileRef = 834761912B9EED4800485E2F /* ChatViewModel.swift */; };
		834761942B9EED5500485E2F /* ChatDataManager.swift in Sources */ = {isa = PBXBuildFile; fileRef = 834761932B9EED5500485E2F /* ChatDataManager.swift */; };
		834761962B9EED6700485E2F /* ChatAPIClient.swift in Sources */ = {isa = PBXBuildFile; fileRef = 834761952B9EED6700485E2F /* ChatAPIClient.swift */; };
		834761982B9EED7E00485E2F /* ChatWireframe.swift in Sources */ = {isa = PBXBuildFile; fileRef = 834761972B9EED7E00485E2F /* ChatWireframe.swift */; };
		8347619A2B9F224000485E2F /* MessageRow.swift in Sources */ = {isa = PBXBuildFile; fileRef = 834761992B9F224000485E2F /* MessageRow.swift */; };
		8347619D2B9F2A1700485E2F /* Chat.swift in Sources */ = {isa = PBXBuildFile; fileRef = 8347619C2B9F2A1700485E2F /* Chat.swift */; };
		8347619F2B9F2EA400485E2F /* Messages.swift in Sources */ = {isa = PBXBuildFile; fileRef = 8347619E2B9F2EA400485E2F /* Messages.swift */; };
		838CCE822B99E97700D92B4C /* Login.swift in Sources */ = {isa = PBXBuildFile; fileRef = 838CCE812B99E97700D92B4C /* Login.swift */; };
		838CCE842B9A07A600D92B4C /* User.swift in Sources */ = {isa = PBXBuildFile; fileRef = 838CCE832B9A07A600D92B4C /* User.swift */; };
		838CCE862B9A114A00D92B4C /* Endpoints.swift in Sources */ = {isa = PBXBuildFile; fileRef = 838CCE852B9A114A00D92B4C /* Endpoints.swift */; };
		838CCE8C2B9A16BA00D92B4C /* ProfileViewModel.swift in Sources */ = {isa = PBXBuildFile; fileRef = 838CCE8B2B9A16BA00D92B4C /* ProfileViewModel.swift */; };
		838CCE8E2B9A16D900D92B4C /* ProfileDataManager.swift in Sources */ = {isa = PBXBuildFile; fileRef = 838CCE8D2B9A16D900D92B4C /* ProfileDataManager.swift */; };
		838CCE902B9A16EF00D92B4C /* ProfileAPIClient.swift in Sources */ = {isa = PBXBuildFile; fileRef = 838CCE8F2B9A16EF00D92B4C /* ProfileAPIClient.swift */; };
		8396D2AB2BA3019E0006A4A0 /* SettingsViewModel.swift in Sources */ = {isa = PBXBuildFile; fileRef = 8396D2AA2BA3019E0006A4A0 /* SettingsViewModel.swift */; };
		8396D2AD2BA301B50006A4A0 /* SettingsDataManager.swift in Sources */ = {isa = PBXBuildFile; fileRef = 8396D2AC2BA301B50006A4A0 /* SettingsDataManager.swift */; };
		8396D2AF2BA301CA0006A4A0 /* SettingsAPIClient.swift in Sources */ = {isa = PBXBuildFile; fileRef = 8396D2AE2BA301CA0006A4A0 /* SettingsAPIClient.swift */; };
		8396D2B32BA313B70006A4A0 /* LabelExtension.swift in Sources */ = {isa = PBXBuildFile; fileRef = 8396D2B22BA313B70006A4A0 /* LabelExtension.swift */; };
		8396D2B52BA3173B0006A4A0 /* UISwitchExtension.swift in Sources */ = {isa = PBXBuildFile; fileRef = 8396D2B42BA3173B0006A4A0 /* UISwitchExtension.swift */; };
		8396D2C02BA32A2D0006A4A0 /* Localizable.xcstrings in Resources */ = {isa = PBXBuildFile; fileRef = 8396D2BF2BA32A2D0006A4A0 /* Localizable.xcstrings */; };
		839896B62BAC3CEA001146CE /* UserDefaultsEnum.swift in Sources */ = {isa = PBXBuildFile; fileRef = 839896B52BAC3CEA001146CE /* UserDefaultsEnum.swift */; };
		839896B82BAC40A4001146CE /* KeyChainEnum.swift in Sources */ = {isa = PBXBuildFile; fileRef = 839896B72BAC40A4001146CE /* KeyChainEnum.swift */; };
		839896BA2BAC4390001146CE /* AssetsEnum.swift in Sources */ = {isa = PBXBuildFile; fileRef = 839896B92BAC4390001146CE /* AssetsEnum.swift */; };
		839BD2392BA04D6800BEA022 /* StringExtension.swift in Sources */ = {isa = PBXBuildFile; fileRef = 839BD2382BA04D6800BEA022 /* StringExtension.swift */; };
		839BD23B2BA067F500BEA022 /* MessageSenderView.swift in Sources */ = {isa = PBXBuildFile; fileRef = 839BD23A2BA067F500BEA022 /* MessageSenderView.swift */; };
		839FC2EA2B9AF98700572D1A /* UIButtonExtension.swift in Sources */ = {isa = PBXBuildFile; fileRef = 839FC2E92B9AF98600572D1A /* UIButtonExtension.swift */; };
		839FC2EC2B9AF99300572D1A /* UITextFieldExtension.swift in Sources */ = {isa = PBXBuildFile; fileRef = 839FC2EB2B9AF99300572D1A /* UITextFieldExtension.swift */; };
		83C2525B2B98606D004455A6 /* BaseError.swift in Sources */ = {isa = PBXBuildFile; fileRef = 83C2525A2B98606D004455A6 /* BaseError.swift */; };
		83C2525D2B986095004455A6 /* BaseAPIClient.swift in Sources */ = {isa = PBXBuildFile; fileRef = 83C2525C2B986095004455A6 /* BaseAPIClient.swift */; };
		83D121D82BA82E2500D607BF /* BaseViewController.swift in Sources */ = {isa = PBXBuildFile; fileRef = 83D121D72BA82E2500D607BF /* BaseViewController.swift */; };
		83D121DB2BA8A58E00D607BF /* BiometricAuthentication.swift in Sources */ = {isa = PBXBuildFile; fileRef = 83D121DA2BA8A58E00D607BF /* BiometricAuthentication.swift */; };
		83EF4C792BBBE358001EBDC7 /* ChatRow.swift in Sources */ = {isa = PBXBuildFile; fileRef = 83EF4C782BBBE358001EBDC7 /* ChatRow.swift */; };
		83EF8EBE2BB2F707001F5A28 /* ImageProfileView.swift in Sources */ = {isa = PBXBuildFile; fileRef = 83EF8EBD2BB2F707001F5A28 /* ImageProfileView.swift */; };
		B3810C822B9B075200C30D63 /* HomeView.swift in Sources */ = {isa = PBXBuildFile; fileRef = B3810C812B9B075200C30D63 /* HomeView.swift */; };
		B3810C862B9B081900C30D63 /* HomeDataManager.swift in Sources */ = {isa = PBXBuildFile; fileRef = B3810C852B9B081900C30D63 /* HomeDataManager.swift */; };
		B3810C8C2B9B0A7D00C30D63 /* HomeViewModel.swift in Sources */ = {isa = PBXBuildFile; fileRef = B3810C8B2B9B0A7D00C30D63 /* HomeViewModel.swift */; };
		B3810CC32B9F1E4100C30D63 /* HomeAPIClient.swift in Sources */ = {isa = PBXBuildFile; fileRef = B3810C872B9B082700C30D63 /* HomeAPIClient.swift */; };
		B3810CCC2BA3125D00C30D63 /* ContactsViewModel.swift in Sources */ = {isa = PBXBuildFile; fileRef = B3810CCB2BA3125D00C30D63 /* ContactsViewModel.swift */; };
		B3810CCE2BA3126C00C30D63 /* ContactsDataManager.swift in Sources */ = {isa = PBXBuildFile; fileRef = B3810CCD2BA3126C00C30D63 /* ContactsDataManager.swift */; };
		B3810CD02BA3128000C30D63 /* ContactsAPIClient.swift in Sources */ = {isa = PBXBuildFile; fileRef = B3810CCF2BA3128000C30D63 /* ContactsAPIClient.swift */; };
		B3810CD42BA312B400C30D63 /* ContactsView.swift in Sources */ = {isa = PBXBuildFile; fileRef = B3810CD32BA312B400C30D63 /* ContactsView.swift */; };
/* End PBXBuildFile section */

/* Begin PBXContainerItemProxy section */
		83388A142B976FCA006F122D /* PBXContainerItemProxy */ = {
			isa = PBXContainerItemProxy;
			containerPortal = 833889F22B976FC9006F122D /* Project object */;
			proxyType = 1;
			remoteGlobalIDString = 833889F92B976FC9006F122D;
			remoteInfo = WhatsVass;
		};
/* End PBXContainerItemProxy section */

/* Begin PBXFileReference section */
		3A04163C2BEB89AE0012D400 /* getChats.json */ = {isa = PBXFileReference; fileEncoding = 4; lastKnownFileType = text.json; path = getChats.json; sourceTree = "<group>"; };
		3A04163D2BEB89AE0012D400 /* getContacts.json */ = {isa = PBXFileReference; fileEncoding = 4; lastKnownFileType = text.json; path = getContacts.json; sourceTree = "<group>"; };
		3A04163E2BEB89AE0012D400 /* loginResponse.json */ = {isa = PBXFileReference; fileEncoding = 4; lastKnownFileType = text.json; path = loginResponse.json; sourceTree = "<group>"; };
		3A04163F2BEB89AE0012D400 /* newChat.json */ = {isa = PBXFileReference; fileEncoding = 4; lastKnownFileType = text.json; path = newChat.json; sourceTree = "<group>"; };
		3A0416402BEB89AE0012D400 /* ChatList.json */ = {isa = PBXFileReference; fileEncoding = 4; lastKnownFileType = text.json; path = ChatList.json; sourceTree = "<group>"; };
		3A0416412BEB89AE0012D400 /* createAndRegisterProfile.json */ = {isa = PBXFileReference; fileEncoding = 4; lastKnownFileType = text.json; path = createAndRegisterProfile.json; sourceTree = "<group>"; };
		3A0416432BEB89AE0012D400 /* response.json */ = {isa = PBXFileReference; fileEncoding = 4; lastKnownFileType = text.json; path = response.json; sourceTree = "<group>"; };
		3A0416442BEB89AE0012D400 /* messages.json */ = {isa = PBXFileReference; fileEncoding = 4; lastKnownFileType = text.json; path = messages.json; sourceTree = "<group>"; };
		3A04164F2BEB89F70012D400 /* URLSessionMock.swift */ = {isa = PBXFileReference; lastKnownFileType = sourcecode.swift; path = URLSessionMock.swift; sourceTree = "<group>"; };
		3A0416512BEB8C010012D400 /* LoginDataManagerTests.swift */ = {isa = PBXFileReference; lastKnownFileType = sourcecode.swift; path = LoginDataManagerTests.swift; sourceTree = "<group>"; };
		3A0416532BEBA3A80012D400 /* logoutResponse.json */ = {isa = PBXFileReference; lastKnownFileType = text.json; path = logoutResponse.json; sourceTree = "<group>"; };
		3A0416552BEBA8A70012D400 /* createChat.json */ = {isa = PBXFileReference; lastKnownFileType = text.json; path = createChat.json; sourceTree = "<group>"; };
		3A04165A2BEBBA760012D400 /* HomeDataManagerTests.swift */ = {isa = PBXFileReference; lastKnownFileType = sourcecode.swift; path = HomeDataManagerTests.swift; sourceTree = "<group>"; };
		3A04165C2BEBBB3C0012D400 /* Commons.swift */ = {isa = PBXFileReference; lastKnownFileType = sourcecode.swift; path = Commons.swift; sourceTree = "<group>"; };
		3A04165E2BEBC0F80012D400 /* ChatDataManagerTests.swift */ = {isa = PBXFileReference; lastKnownFileType = sourcecode.swift; path = ChatDataManagerTests.swift; sourceTree = "<group>"; };
		3A0416602BEBC6970012D400 /* ProfileDataManagerTests.swift */ = {isa = PBXFileReference; lastKnownFileType = sourcecode.swift; path = ProfileDataManagerTests.swift; sourceTree = "<group>"; };
		3A0923F32BF2692F00538A1D /* LoginDataManagerMock.swift */ = {isa = PBXFileReference; lastKnownFileType = sourcecode.swift; path = LoginDataManagerMock.swift; sourceTree = "<group>"; };
		3A0923F52BF2728100538A1D /* LoginView.swift */ = {isa = PBXFileReference; lastKnownFileType = sourcecode.swift; path = LoginView.swift; sourceTree = "<group>"; };
		3A0923F82BF272F200538A1D /* LogoVassView.swift */ = {isa = PBXFileReference; lastKnownFileType = sourcecode.swift; path = LogoVassView.swift; sourceTree = "<group>"; };
		3A14DE872C087E020013FE57 /* SecureKit.swift */ = {isa = PBXFileReference; lastKnownFileType = sourcecode.swift; path = SecureKit.swift; sourceTree = "<group>"; };
		3A1CAAA52BFE7B720026F63F /* Theme.swift */ = {isa = PBXFileReference; lastKnownFileType = sourcecode.swift; path = Theme.swift; sourceTree = "<group>"; };
		3A2E17D22BEA92F00039365A /* WhatsVassTests.xctestplan */ = {isa = PBXFileReference; lastKnownFileType = text; path = WhatsVassTests.xctestplan; sourceTree = "<group>"; };
		3A2E17D32BEA93F20039365A /* ProfileAPIClientTests.swift */ = {isa = PBXFileReference; lastKnownFileType = sourcecode.swift; path = ProfileAPIClientTests.swift; sourceTree = "<group>"; };
		3A2E17D52BEA9BBE0039365A /* ContactsAPIClientTests.swift */ = {isa = PBXFileReference; lastKnownFileType = sourcecode.swift; path = ContactsAPIClientTests.swift; sourceTree = "<group>"; };
		3A2E17D72BEAA4350039365A /* SettingsAPIClientTests.swift */ = {isa = PBXFileReference; lastKnownFileType = sourcecode.swift; path = SettingsAPIClientTests.swift; sourceTree = "<group>"; };
		3A2E17D92BEAABDB0039365A /* LoginAPIClientTests.swift */ = {isa = PBXFileReference; lastKnownFileType = sourcecode.swift; path = LoginAPIClientTests.swift; sourceTree = "<group>"; };
		3A2E17DB2BEAAE6F0039365A /* Helpers.swift */ = {isa = PBXFileReference; lastKnownFileType = sourcecode.swift; path = Helpers.swift; sourceTree = "<group>"; };
		3A370A602BF4E77B0045128F /* UIImageExtension.swift */ = {isa = PBXFileReference; lastKnownFileType = sourcecode.swift; path = UIImageExtension.swift; sourceTree = "<group>"; };
		3A370A622BF4F9630045128F /* ContactsDataManagerMock.swift */ = {isa = PBXFileReference; lastKnownFileType = sourcecode.swift; path = ContactsDataManagerMock.swift; sourceTree = "<group>"; };
		3A370A642BF529500045128F /* LocalPersistence.swift */ = {isa = PBXFileReference; lastKnownFileType = sourcecode.swift; path = LocalPersistence.swift; sourceTree = "<group>"; };
		3A370A662BF52D070045128F /* PhotosPickerExtension.swift */ = {isa = PBXFileReference; lastKnownFileType = sourcecode.swift; path = PhotosPickerExtension.swift; sourceTree = "<group>"; };
		3A38C9B52BEA6D270068D8F0 /* HomeAPIClientTests.swift */ = {isa = PBXFileReference; lastKnownFileType = sourcecode.swift; path = HomeAPIClientTests.swift; sourceTree = "<group>"; };
		3A38C9B72BEA7A550068D8F0 /* ChatAPIClientTests.swift */ = {isa = PBXFileReference; lastKnownFileType = sourcecode.swift; path = ChatAPIClientTests.swift; sourceTree = "<group>"; };
		3A4329B12BEA35C20027E021 /* Preview+Models.swift */ = {isa = PBXFileReference; lastKnownFileType = sourcecode.swift; path = "Preview+Models.swift"; sourceTree = "<group>"; };
		3A44613C2BEA8BDA00E24D3C /* WhatsVass.xctestplan */ = {isa = PBXFileReference; lastKnownFileType = text; path = WhatsVass.xctestplan; sourceTree = "<group>"; };
		3A50D3032BDA9608002007A3 /* NetworkSession.swift */ = {isa = PBXFileReference; lastKnownFileType = sourcecode.swift; path = NetworkSession.swift; sourceTree = "<group>"; };
		3A50D3052BDA9F08002007A3 /* NetworkMonitor.swift */ = {isa = PBXFileReference; lastKnownFileType = sourcecode.swift; path = NetworkMonitor.swift; sourceTree = "<group>"; };
		3A50D3072BDAA02C002007A3 /* Interface.swift */ = {isa = PBXFileReference; lastKnownFileType = sourcecode.swift; path = Interface.swift; sourceTree = "<group>"; };
		3A526D142BF7C3E500973D22 /* WhatVassApp.swift */ = {isa = PBXFileReference; lastKnownFileType = sourcecode.swift; path = WhatVassApp.swift; sourceTree = "<group>"; };
		3A6806882BEBCD4E00EBD93E /* ContactsDataManagerTests.swift */ = {isa = PBXFileReference; lastKnownFileType = sourcecode.swift; path = ContactsDataManagerTests.swift; sourceTree = "<group>"; };
		3A68068A2BEBD17900EBD93E /* SettingsDataManagerTests.swift */ = {isa = PBXFileReference; lastKnownFileType = sourcecode.swift; path = SettingsDataManagerTests.swift; sourceTree = "<group>"; };
		3A68068C2BEBD41E00EBD93E /* WhatsVassUnitTests.xctestplan */ = {isa = PBXFileReference; lastKnownFileType = text; path = WhatsVassUnitTests.xctestplan; sourceTree = "<group>"; };
		3A68068F2BEC041100EBD93E /* loginResponse.json */ = {isa = PBXFileReference; fileEncoding = 4; lastKnownFileType = text.json; name = loginResponse.json; path = WhatsVassTests/Resources/loginResponse.json; sourceTree = SOURCE_ROOT; };
		3A6806902BEC041100EBD93E /* getChats.json */ = {isa = PBXFileReference; fileEncoding = 4; lastKnownFileType = text.json; name = getChats.json; path = WhatsVassTests/Resources/getChats.json; sourceTree = SOURCE_ROOT; };
		3A6806912BEC041100EBD93E /* getContacts.json */ = {isa = PBXFileReference; fileEncoding = 4; lastKnownFileType = text.json; name = getContacts.json; path = WhatsVassTests/Resources/getContacts.json; sourceTree = SOURCE_ROOT; };
		3A6806922BEC041100EBD93E /* messages.json */ = {isa = PBXFileReference; fileEncoding = 4; lastKnownFileType = text.json; name = messages.json; path = WhatsVassTests/Resources/messages.json; sourceTree = SOURCE_ROOT; };
		3A6806932BEC041200EBD93E /* newChat.json */ = {isa = PBXFileReference; fileEncoding = 4; lastKnownFileType = text.json; name = newChat.json; path = WhatsVassTests/Resources/newChat.json; sourceTree = SOURCE_ROOT; };
		3A6806942BEC041200EBD93E /* createChat.json */ = {isa = PBXFileReference; fileEncoding = 4; lastKnownFileType = text.json; name = createChat.json; path = WhatsVassTests/Resources/createChat.json; sourceTree = SOURCE_ROOT; };
		3A6806952BEC041200EBD93E /* logoutResponse.json */ = {isa = PBXFileReference; fileEncoding = 4; lastKnownFileType = text.json; name = logoutResponse.json; path = WhatsVassTests/Resources/logoutResponse.json; sourceTree = SOURCE_ROOT; };
		3A6806962BEC041200EBD93E /* ChatList.json */ = {isa = PBXFileReference; fileEncoding = 4; lastKnownFileType = text.json; name = ChatList.json; path = WhatsVassTests/Resources/ChatList.json; sourceTree = SOURCE_ROOT; };
		3A6806972BEC041200EBD93E /* createAndRegisterProfile.json */ = {isa = PBXFileReference; fileEncoding = 4; lastKnownFileType = text.json; name = createAndRegisterProfile.json; path = WhatsVassTests/Resources/createAndRegisterProfile.json; sourceTree = SOURCE_ROOT; };
		3A6806982BEC041200EBD93E /* response.json */ = {isa = PBXFileReference; fileEncoding = 4; lastKnownFileType = text.json; name = response.json; path = WhatsVassTests/Resources/response.json; sourceTree = SOURCE_ROOT; };
		3A6806A32BEC08E800EBD93E /* Preview+Bundle.swift */ = {isa = PBXFileReference; lastKnownFileType = sourcecode.swift; path = "Preview+Bundle.swift"; sourceTree = "<group>"; };
		3AC0E2B62BF62A5700D86E85 /* NotificatorCenterExtensions.swift */ = {isa = PBXFileReference; lastKnownFileType = sourcecode.swift; path = NotificatorCenterExtensions.swift; sourceTree = "<group>"; };
		3AC0E2B82BF638FF00D86E85 /* ProfileDataManagerMock.swift */ = {isa = PBXFileReference; lastKnownFileType = sourcecode.swift; path = ProfileDataManagerMock.swift; sourceTree = "<group>"; };
		3AC0E2BA2BF64EA500D86E85 /* PreviewsExtensions.swift */ = {isa = PBXFileReference; lastKnownFileType = sourcecode.swift; path = PreviewsExtensions.swift; sourceTree = "<group>"; };
		3AC0E2BC2BF672BA00D86E85 /* MockPersistence.swift */ = {isa = PBXFileReference; lastKnownFileType = sourcecode.swift; path = MockPersistence.swift; sourceTree = "<group>"; };
		3AC0E2C02BF6770C00D86E85 /* KeyChain.swift */ = {isa = PBXFileReference; lastKnownFileType = sourcecode.swift; path = KeyChain.swift; sourceTree = "<group>"; };
		3AFA9E5C2BF3B067000EC67F /* ProfileView.swift */ = {isa = PBXFileReference; lastKnownFileType = sourcecode.swift; path = ProfileView.swift; sourceTree = "<group>"; };
		3AFA9E5F2BF3C121000EC67F /* VassTextField.swift */ = {isa = PBXFileReference; lastKnownFileType = sourcecode.swift; path = VassTextField.swift; sourceTree = "<group>"; };
		3AFA9E612BF3E1A9000EC67F /* PasswordValidator.swift */ = {isa = PBXFileReference; lastKnownFileType = sourcecode.swift; path = PasswordValidator.swift; sourceTree = "<group>"; };
		3AFA9E642BF3EF3A000EC67F /* UIViewControllerExtensions.swift */ = {isa = PBXFileReference; lastKnownFileType = sourcecode.swift; path = UIViewControllerExtensions.swift; sourceTree = "<group>"; };
		3AFD14D62BECBE0500C86030 /* HomeDataManagerMock.swift */ = {isa = PBXFileReference; lastKnownFileType = sourcecode.swift; path = HomeDataManagerMock.swift; sourceTree = "<group>"; };
		3AFD14D82BECC59A00C86030 /* ChatDataManagerMock.swift */ = {isa = PBXFileReference; lastKnownFileType = sourcecode.swift; path = ChatDataManagerMock.swift; sourceTree = "<group>"; };
		3AFD14DA2BED020500C86030 /* UserInitialCircleStatusIndicator.swift */ = {isa = PBXFileReference; lastKnownFileType = sourcecode.swift; path = UserInitialCircleStatusIndicator.swift; sourceTree = "<group>"; };
		3AFD14DC2BED024600C86030 /* UserInitialCircle.swift */ = {isa = PBXFileReference; lastKnownFileType = sourcecode.swift; path = UserInitialCircle.swift; sourceTree = "<group>"; };
		3AFD14DE2BED250700C86030 /* SplashView.swift */ = {isa = PBXFileReference; lastKnownFileType = sourcecode.swift; path = SplashView.swift; sourceTree = "<group>"; };
		3AFD14E02BED3E8200C86030 /* ViewExtensions.swift */ = {isa = PBXFileReference; lastKnownFileType = sourcecode.swift; path = ViewExtensions.swift; sourceTree = "<group>"; };
		3AFD14E22BED3EB400C86030 /* SettingsView.swift */ = {isa = PBXFileReference; lastKnownFileType = sourcecode.swift; path = SettingsView.swift; sourceTree = "<group>"; };
		3AFD14E42BED4A4F00C86030 /* SettingsDataManagerMock.swift */ = {isa = PBXFileReference; lastKnownFileType = sourcecode.swift; path = SettingsDataManagerMock.swift; sourceTree = "<group>"; };
		3AFD14E62BED4B5300C86030 /* KeychainMock.swift */ = {isa = PBXFileReference; lastKnownFileType = sourcecode.swift; path = KeychainMock.swift; sourceTree = "<group>"; };
		3AFD14E92BED4CE400C86030 /* ToggleRow.swift */ = {isa = PBXFileReference; lastKnownFileType = sourcecode.swift; path = ToggleRow.swift; sourceTree = "<group>"; };
		3AFD14EB2BED4CFD00C86030 /* VassToggle.swift */ = {isa = PBXFileReference; lastKnownFileType = sourcecode.swift; path = VassToggle.swift; sourceTree = "<group>"; };
		3AFD14ED2BED4D0F00C86030 /* VassButton.swift */ = {isa = PBXFileReference; lastKnownFileType = sourcecode.swift; path = VassButton.swift; sourceTree = "<group>"; };
		8313E3632BA97591001FA804 /* KeyChainDataProvider.swift */ = {isa = PBXFileReference; lastKnownFileType = sourcecode.swift; path = KeyChainDataProvider.swift; sourceTree = "<group>"; };
		833889FA2B976FC9006F122D /* WhatsVass.app */ = {isa = PBXFileReference; explicitFileType = wrapper.application; includeInIndex = 0; path = WhatsVass.app; sourceTree = BUILT_PRODUCTS_DIR; };
		833889FD2B976FC9006F122D /* AppDelegate.swift */ = {isa = PBXFileReference; lastKnownFileType = sourcecode.swift; path = AppDelegate.swift; sourceTree = "<group>"; };
		833889FF2B976FC9006F122D /* SceneDelegate.swift */ = {isa = PBXFileReference; lastKnownFileType = sourcecode.swift; path = SceneDelegate.swift; sourceTree = "<group>"; };
		83388A092B976FCA006F122D /* Assets.xcassets */ = {isa = PBXFileReference; lastKnownFileType = folder.assetcatalog; path = Assets.xcassets; sourceTree = "<group>"; };
		83388A0E2B976FCA006F122D /* Info.plist */ = {isa = PBXFileReference; lastKnownFileType = text.plist.xml; path = Info.plist; sourceTree = "<group>"; };
		83388A132B976FCA006F122D /* WhatsVassTests.xctest */ = {isa = PBXFileReference; explicitFileType = wrapper.cfbundle; includeInIndex = 0; path = WhatsVassTests.xctest; sourceTree = BUILT_PRODUCTS_DIR; };
		83388A392B9775A0006F122D /* LoginViewModel.swift */ = {isa = PBXFileReference; lastKnownFileType = sourcecode.swift; path = LoginViewModel.swift; sourceTree = "<group>"; };
		83388A3B2B9775B2006F122D /* LoginDataManager.swift */ = {isa = PBXFileReference; lastKnownFileType = sourcecode.swift; path = LoginDataManager.swift; sourceTree = "<group>"; };
		83388A3D2B9775C0006F122D /* LoginAPIClient.swift */ = {isa = PBXFileReference; lastKnownFileType = sourcecode.swift; path = LoginAPIClient.swift; sourceTree = "<group>"; };
		8347618F2B9EED3500485E2F /* ChatView.swift */ = {isa = PBXFileReference; lastKnownFileType = sourcecode.swift; path = ChatView.swift; sourceTree = "<group>"; };
		834761912B9EED4800485E2F /* ChatViewModel.swift */ = {isa = PBXFileReference; lastKnownFileType = sourcecode.swift; path = ChatViewModel.swift; sourceTree = "<group>"; };
		834761932B9EED5500485E2F /* ChatDataManager.swift */ = {isa = PBXFileReference; lastKnownFileType = sourcecode.swift; path = ChatDataManager.swift; sourceTree = "<group>"; };
		834761952B9EED6700485E2F /* ChatAPIClient.swift */ = {isa = PBXFileReference; lastKnownFileType = sourcecode.swift; path = ChatAPIClient.swift; sourceTree = "<group>"; };
		834761972B9EED7E00485E2F /* ChatWireframe.swift */ = {isa = PBXFileReference; lastKnownFileType = sourcecode.swift; path = ChatWireframe.swift; sourceTree = "<group>"; };
		834761992B9F224000485E2F /* MessageRow.swift */ = {isa = PBXFileReference; lastKnownFileType = sourcecode.swift; path = MessageRow.swift; sourceTree = "<group>"; };
		8347619C2B9F2A1700485E2F /* Chat.swift */ = {isa = PBXFileReference; lastKnownFileType = sourcecode.swift; path = Chat.swift; sourceTree = "<group>"; };
		8347619E2B9F2EA400485E2F /* Messages.swift */ = {isa = PBXFileReference; lastKnownFileType = sourcecode.swift; path = Messages.swift; sourceTree = "<group>"; };
		838CCE812B99E97700D92B4C /* Login.swift */ = {isa = PBXFileReference; lastKnownFileType = sourcecode.swift; path = Login.swift; sourceTree = "<group>"; };
		838CCE832B9A07A600D92B4C /* User.swift */ = {isa = PBXFileReference; lastKnownFileType = sourcecode.swift; path = User.swift; sourceTree = "<group>"; };
		838CCE852B9A114A00D92B4C /* Endpoints.swift */ = {isa = PBXFileReference; lastKnownFileType = sourcecode.swift; path = Endpoints.swift; sourceTree = "<group>"; };
		838CCE8B2B9A16BA00D92B4C /* ProfileViewModel.swift */ = {isa = PBXFileReference; lastKnownFileType = sourcecode.swift; path = ProfileViewModel.swift; sourceTree = "<group>"; };
		838CCE8D2B9A16D900D92B4C /* ProfileDataManager.swift */ = {isa = PBXFileReference; lastKnownFileType = sourcecode.swift; path = ProfileDataManager.swift; sourceTree = "<group>"; };
		838CCE8F2B9A16EF00D92B4C /* ProfileAPIClient.swift */ = {isa = PBXFileReference; lastKnownFileType = sourcecode.swift; path = ProfileAPIClient.swift; sourceTree = "<group>"; };
		8396D2AA2BA3019E0006A4A0 /* SettingsViewModel.swift */ = {isa = PBXFileReference; lastKnownFileType = sourcecode.swift; path = SettingsViewModel.swift; sourceTree = "<group>"; };
		8396D2AC2BA301B50006A4A0 /* SettingsDataManager.swift */ = {isa = PBXFileReference; lastKnownFileType = sourcecode.swift; path = SettingsDataManager.swift; sourceTree = "<group>"; };
		8396D2AE2BA301CA0006A4A0 /* SettingsAPIClient.swift */ = {isa = PBXFileReference; lastKnownFileType = sourcecode.swift; path = SettingsAPIClient.swift; sourceTree = "<group>"; };
		8396D2B22BA313B70006A4A0 /* LabelExtension.swift */ = {isa = PBXFileReference; lastKnownFileType = sourcecode.swift; path = LabelExtension.swift; sourceTree = "<group>"; };
		8396D2B42BA3173B0006A4A0 /* UISwitchExtension.swift */ = {isa = PBXFileReference; lastKnownFileType = sourcecode.swift; path = UISwitchExtension.swift; sourceTree = "<group>"; };
		8396D2BF2BA32A2D0006A4A0 /* Localizable.xcstrings */ = {isa = PBXFileReference; lastKnownFileType = text.json.xcstrings; path = Localizable.xcstrings; sourceTree = "<group>"; };
		839896B52BAC3CEA001146CE /* UserDefaultsEnum.swift */ = {isa = PBXFileReference; lastKnownFileType = sourcecode.swift; path = UserDefaultsEnum.swift; sourceTree = "<group>"; };
		839896B72BAC40A4001146CE /* KeyChainEnum.swift */ = {isa = PBXFileReference; lastKnownFileType = sourcecode.swift; path = KeyChainEnum.swift; sourceTree = "<group>"; };
		839896B92BAC4390001146CE /* AssetsEnum.swift */ = {isa = PBXFileReference; lastKnownFileType = sourcecode.swift; path = AssetsEnum.swift; sourceTree = "<group>"; };
		839BD2382BA04D6800BEA022 /* StringExtension.swift */ = {isa = PBXFileReference; lastKnownFileType = sourcecode.swift; path = StringExtension.swift; sourceTree = "<group>"; };
		839BD23A2BA067F500BEA022 /* MessageSenderView.swift */ = {isa = PBXFileReference; lastKnownFileType = sourcecode.swift; path = MessageSenderView.swift; sourceTree = "<group>"; };
		839FC2E92B9AF98600572D1A /* UIButtonExtension.swift */ = {isa = PBXFileReference; lastKnownFileType = sourcecode.swift; path = UIButtonExtension.swift; sourceTree = "<group>"; };
		839FC2EB2B9AF99300572D1A /* UITextFieldExtension.swift */ = {isa = PBXFileReference; lastKnownFileType = sourcecode.swift; path = UITextFieldExtension.swift; sourceTree = "<group>"; };
		83C2525A2B98606D004455A6 /* BaseError.swift */ = {isa = PBXFileReference; lastKnownFileType = sourcecode.swift; path = BaseError.swift; sourceTree = "<group>"; };
		83C2525C2B986095004455A6 /* BaseAPIClient.swift */ = {isa = PBXFileReference; lastKnownFileType = sourcecode.swift; path = BaseAPIClient.swift; sourceTree = "<group>"; };
		83D121D72BA82E2500D607BF /* BaseViewController.swift */ = {isa = PBXFileReference; lastKnownFileType = sourcecode.swift; path = BaseViewController.swift; sourceTree = "<group>"; };
		83D121DA2BA8A58E00D607BF /* BiometricAuthentication.swift */ = {isa = PBXFileReference; lastKnownFileType = sourcecode.swift; path = BiometricAuthentication.swift; sourceTree = "<group>"; };
		83EF4C782BBBE358001EBDC7 /* ChatRow.swift */ = {isa = PBXFileReference; lastKnownFileType = sourcecode.swift; path = ChatRow.swift; sourceTree = "<group>"; };
		83EF8EBD2BB2F707001F5A28 /* ImageProfileView.swift */ = {isa = PBXFileReference; lastKnownFileType = sourcecode.swift; path = ImageProfileView.swift; sourceTree = "<group>"; };
		83EF8EDC2BB32DA4001F5A28 /* WhatsVass.entitlements */ = {isa = PBXFileReference; lastKnownFileType = text.plist.entitlements; path = WhatsVass.entitlements; sourceTree = "<group>"; };
		B3810C812B9B075200C30D63 /* HomeView.swift */ = {isa = PBXFileReference; lastKnownFileType = sourcecode.swift; path = HomeView.swift; sourceTree = "<group>"; };
		B3810C852B9B081900C30D63 /* HomeDataManager.swift */ = {isa = PBXFileReference; lastKnownFileType = sourcecode.swift; path = HomeDataManager.swift; sourceTree = "<group>"; };
		B3810C872B9B082700C30D63 /* HomeAPIClient.swift */ = {isa = PBXFileReference; lastKnownFileType = sourcecode.swift; path = HomeAPIClient.swift; sourceTree = "<group>"; };
		B3810C8B2B9B0A7D00C30D63 /* HomeViewModel.swift */ = {isa = PBXFileReference; lastKnownFileType = sourcecode.swift; path = HomeViewModel.swift; sourceTree = "<group>"; };
		B3810CCB2BA3125D00C30D63 /* ContactsViewModel.swift */ = {isa = PBXFileReference; lastKnownFileType = sourcecode.swift; path = ContactsViewModel.swift; sourceTree = "<group>"; };
		B3810CCD2BA3126C00C30D63 /* ContactsDataManager.swift */ = {isa = PBXFileReference; lastKnownFileType = sourcecode.swift; path = ContactsDataManager.swift; sourceTree = "<group>"; };
		B3810CCF2BA3128000C30D63 /* ContactsAPIClient.swift */ = {isa = PBXFileReference; lastKnownFileType = sourcecode.swift; path = ContactsAPIClient.swift; sourceTree = "<group>"; };
		B3810CD32BA312B400C30D63 /* ContactsView.swift */ = {isa = PBXFileReference; lastKnownFileType = sourcecode.swift; path = ContactsView.swift; sourceTree = "<group>"; };
/* End PBXFileReference section */

/* Begin PBXFrameworksBuildPhase section */
		833889F72B976FC9006F122D /* Frameworks */ = {
			isa = PBXFrameworksBuildPhase;
			buildActionMask = 2147483647;
			files = (
				3A3F1DD62C06104800BFB48E /* KeychainSwift in Frameworks */,
			);
			runOnlyForDeploymentPostprocessing = 0;
		};
		83388A102B976FCA006F122D /* Frameworks */ = {
			isa = PBXFrameworksBuildPhase;
			buildActionMask = 2147483647;
			files = (
			);
			runOnlyForDeploymentPostprocessing = 0;
		};
/* End PBXFrameworksBuildPhase section */

/* Begin PBXGroup section */
		3A04163B2BEB899B0012D400 /* Resources */ = {
			isa = PBXGroup;
			children = (
				3A04163E2BEB89AE0012D400 /* loginResponse.json */,
				3A0416532BEBA3A80012D400 /* logoutResponse.json */,
				3A0416402BEB89AE0012D400 /* ChatList.json */,
				3A0416412BEB89AE0012D400 /* createAndRegisterProfile.json */,
				3A04163C2BEB89AE0012D400 /* getChats.json */,
				3A04163D2BEB89AE0012D400 /* getContacts.json */,
				3A0416442BEB89AE0012D400 /* messages.json */,
				3A04163F2BEB89AE0012D400 /* newChat.json */,
				3A0416432BEB89AE0012D400 /* response.json */,
				3A0416552BEBA8A70012D400 /* createChat.json */,
			);
			path = Resources;
			sourceTree = "<group>";
		};
		3A04164E2BEB89EA0012D400 /* Commons */ = {
			isa = PBXGroup;
			children = (
				3A04164F2BEB89F70012D400 /* URLSessionMock.swift */,
				3A2E17DB2BEAAE6F0039365A /* Helpers.swift */,
			);
			path = Commons;
			sourceTree = "<group>";
		};
		3A0416572BEBB1130012D400 /* DataManagersTests */ = {
			isa = PBXGroup;
			children = (
				3A0416512BEB8C010012D400 /* LoginDataManagerTests.swift */,
				3A04165A2BEBBA760012D400 /* HomeDataManagerTests.swift */,
				3A04165E2BEBC0F80012D400 /* ChatDataManagerTests.swift */,
				3A0416602BEBC6970012D400 /* ProfileDataManagerTests.swift */,
				3A6806882BEBCD4E00EBD93E /* ContactsDataManagerTests.swift */,
				3A68068A2BEBD17900EBD93E /* SettingsDataManagerTests.swift */,
			);
			path = DataManagersTests;
			sourceTree = "<group>";
		};
		3A0923F72BF272E000538A1D /* Design */ = {
			isa = PBXGroup;
			children = (
				3AFA9E5F2BF3C121000EC67F /* VassTextField.swift */,
				3A0923F82BF272F200538A1D /* LogoVassView.swift */,
			);
			path = Design;
			sourceTree = "<group>";
		};
		3A1CAAA12BFE367A0026F63F /* New Group */ = {
			isa = PBXGroup;
			children = (
			);
			path = "New Group";
			sourceTree = "<group>";
		};
		3A1CAAA42BFE7B670026F63F /* Theme */ = {
			isa = PBXGroup;
			children = (
				3A1CAAA52BFE7B720026F63F /* Theme.swift */,
			);
			path = Theme;
			sourceTree = "<group>";
		};
		3A2E17CF2BEA8CB40039365A /* WhatsVassUITests */ = {
			isa = PBXGroup;
			children = (
			);
			path = WhatsVassUITests;
			sourceTree = "<group>";
		};
		3A38C9B42BEA6D070068D8F0 /* BaseAPIClient_Integration */ = {
			isa = PBXGroup;
			children = (
				3A38C9B52BEA6D270068D8F0 /* HomeAPIClientTests.swift */,
				3A38C9B72BEA7A550068D8F0 /* ChatAPIClientTests.swift */,
				3A2E17D32BEA93F20039365A /* ProfileAPIClientTests.swift */,
				3A2E17D52BEA9BBE0039365A /* ContactsAPIClientTests.swift */,
				3A2E17D72BEAA4350039365A /* SettingsAPIClientTests.swift */,
				3A2E17D92BEAABDB0039365A /* LoginAPIClientTests.swift */,
			);
			path = BaseAPIClient_Integration;
			sourceTree = "<group>";
		};
		3A3F1DD42C060FF500BFB48E /* Frameworks */ = {
			isa = PBXGroup;
			children = (
			);
			name = Frameworks;
			sourceTree = "<group>";
		};
		3A4329B02BEA35AC0027E021 /* PrewViewContent */ = {
			isa = PBXGroup;
			children = (
				3A68068E2BEC032000EBD93E /* Resources */,
				3A4329B12BEA35C20027E021 /* Preview+Models.swift */,
				3A6806A32BEC08E800EBD93E /* Preview+Bundle.swift */,
				3AFD14D62BECBE0500C86030 /* HomeDataManagerMock.swift */,
				3AFD14D82BECC59A00C86030 /* ChatDataManagerMock.swift */,
				3AFD14E42BED4A4F00C86030 /* SettingsDataManagerMock.swift */,
				3A0923F32BF2692F00538A1D /* LoginDataManagerMock.swift */,
				3A370A622BF4F9630045128F /* ContactsDataManagerMock.swift */,
				3AC0E2B82BF638FF00D86E85 /* ProfileDataManagerMock.swift */,
				3AC0E2BA2BF64EA500D86E85 /* PreviewsExtensions.swift */,
				3AC0E2BC2BF672BA00D86E85 /* MockPersistence.swift */,
			);
			path = PrewViewContent;
			sourceTree = "<group>";
		};
		3A68068E2BEC032000EBD93E /* Resources */ = {
			isa = PBXGroup;
			children = (
				3A6806962BEC041200EBD93E /* ChatList.json */,
				3A6806972BEC041200EBD93E /* createAndRegisterProfile.json */,
				3A6806942BEC041200EBD93E /* createChat.json */,
				3A6806902BEC041100EBD93E /* getChats.json */,
				3A6806912BEC041100EBD93E /* getContacts.json */,
				3A68068F2BEC041100EBD93E /* loginResponse.json */,
				3A6806952BEC041200EBD93E /* logoutResponse.json */,
				3A6806922BEC041100EBD93E /* messages.json */,
				3A6806932BEC041200EBD93E /* newChat.json */,
				3A6806982BEC041200EBD93E /* response.json */,
				3AFD14E62BED4B5300C86030 /* KeychainMock.swift */,
			);
			path = Resources;
			sourceTree = "<group>";
		};
		3AFA9E632BF3E2FE000EC67F /* Helpers */ = {
			isa = PBXGroup;
			children = (
				3AFA9E612BF3E1A9000EC67F /* PasswordValidator.swift */,
			);
			path = Helpers;
			sourceTree = "<group>";
		};
		3AFD14E82BED4CCB00C86030 /* Components */ = {
			isa = PBXGroup;
			children = (
				3AFD14E92BED4CE400C86030 /* ToggleRow.swift */,
				3AFD14EB2BED4CFD00C86030 /* VassToggle.swift */,
				3AFD14ED2BED4D0F00C86030 /* VassButton.swift */,
			);
			path = Components;
			sourceTree = "<group>";
		};
		8313E3622BA9756A001FA804 /* Secure */ = {
			isa = PBXGroup;
			children = (
				83D121D92BA8A52D00D607BF /* Biometric */,
				8313E3632BA97591001FA804 /* KeyChainDataProvider.swift */,
				3A14DE872C087E020013FE57 /* SecureKit.swift */,
				3AC0E2C02BF6770C00D86E85 /* KeyChain.swift */,
			);
			path = Secure;
			sourceTree = "<group>";
		};
		833889F12B976FC9006F122D = {
			isa = PBXGroup;
			children = (
				3A2E17D22BEA92F00039365A /* WhatsVassTests.xctestplan */,
				3A68068C2BEBD41E00EBD93E /* WhatsVassUnitTests.xctestplan */,
				3A44613C2BEA8BDA00E24D3C /* WhatsVass.xctestplan */,
				833889FC2B976FC9006F122D /* WhatsVass */,
				83388A162B976FCA006F122D /* WhatsVassTests */,
				833889FB2B976FC9006F122D /* Products */,
				3A3F1DD42C060FF500BFB48E /* Frameworks */,
			);
			sourceTree = "<group>";
		};
		833889FB2B976FC9006F122D /* Products */ = {
			isa = PBXGroup;
			children = (
				833889FA2B976FC9006F122D /* WhatsVass.app */,
				83388A132B976FCA006F122D /* WhatsVassTests.xctest */,
			);
			name = Products;
			sourceTree = "<group>";
		};
		833889FC2B976FC9006F122D /* WhatsVass */ = {
			isa = PBXGroup;
			children = (
				3A4329B02BEA35AC0027E021 /* PrewViewContent */,
				83EF8EDC2BB32DA4001F5A28 /* WhatsVass.entitlements */,
				83388A302B9770E1006F122D /* App */,
				83388A322B9770F2006F122D /* Assets */,
				83388A312B9770EB006F122D /* Commons */,
				83388A332B9770F9006F122D /* UI */,
				83388A0E2B976FCA006F122D /* Info.plist */,
			);
			path = WhatsVass;
			sourceTree = "<group>";
		};
		83388A162B976FCA006F122D /* WhatsVassTests */ = {
			isa = PBXGroup;
			children = (
				3A0416572BEBB1130012D400 /* DataManagersTests */,
				3A04164E2BEB89EA0012D400 /* Commons */,
				3A04163B2BEB899B0012D400 /* Resources */,
				3A2E17CF2BEA8CB40039365A /* WhatsVassUITests */,
				3A38C9B42BEA6D070068D8F0 /* BaseAPIClient_Integration */,
			);
			path = WhatsVassTests;
			sourceTree = "<group>";
		};
		83388A302B9770E1006F122D /* App */ = {
			isa = PBXGroup;
			children = (
				3A1CAAA12BFE367A0026F63F /* New Group */,
				833889FD2B976FC9006F122D /* AppDelegate.swift */,
				833889FF2B976FC9006F122D /* SceneDelegate.swift */,
				3A526D142BF7C3E500973D22 /* WhatVassApp.swift */,
			);
			path = App;
			sourceTree = "<group>";
		};
		83388A312B9770EB006F122D /* Commons */ = {
			isa = PBXGroup;
			children = (
				3A0923F72BF272E000538A1D /* Design */,
				3A04165C2BEBBB3C0012D400 /* Commons.swift */,
				839896B42BAC3CCB001146CE /* SharedPreferences */,
				8313E3622BA9756A001FA804 /* Secure */,
				8396D2B62BA326E30006A4A0 /* Lenguages */,
				838CCE802B99E95E00D92B4C /* extensions */,
				83C252592B985F95004455A6 /* Base */,
				83C252582B985F90004455A6 /* Models */,
			);
			path = Commons;
			sourceTree = "<group>";
		};
		83388A322B9770F2006F122D /* Assets */ = {
			isa = PBXGroup;
			children = (
				83388A092B976FCA006F122D /* Assets.xcassets */,
			);
			path = Assets;
			sourceTree = "<group>";
		};
		83388A332B9770F9006F122D /* UI */ = {
			isa = PBXGroup;
			children = (
				83C252632B986318004455A6 /* Splash */,
				83388A382B97757E006F122D /* Login */,
				83C252642B986327004455A6 /* Home */,
				83C252662B986339004455A6 /* Chat */,
				83C252682B98635C004455A6 /* Profile */,
				83C252672B98634A004455A6 /* Contacts */,
				83C252652B98632E004455A6 /* Settings */,
			);
			path = UI;
			sourceTree = "<group>";
		};
		83388A382B97757E006F122D /* Login */ = {
			isa = PBXGroup;
			children = (
				3A0923F52BF2728100538A1D /* LoginView.swift */,
				83388A392B9775A0006F122D /* LoginViewModel.swift */,
				83388A3B2B9775B2006F122D /* LoginDataManager.swift */,
				83388A3D2B9775C0006F122D /* LoginAPIClient.swift */,
			);
			path = Login;
			sourceTree = "<group>";
		};
		8347619B2B9F291800485E2F /* ChatRow */ = {
			isa = PBXGroup;
			children = (
				834761992B9F224000485E2F /* MessageRow.swift */,
				3AFD14DA2BED020500C86030 /* UserInitialCircleStatusIndicator.swift */,
				3AFD14DC2BED024600C86030 /* UserInitialCircle.swift */,
			);
			path = ChatRow;
			sourceTree = "<group>";
		};
		838CCE802B99E95E00D92B4C /* extensions */ = {
			isa = PBXGroup;
			children = (
				839FC2EB2B9AF99300572D1A /* UITextFieldExtension.swift */,
				839FC2E92B9AF98600572D1A /* UIButtonExtension.swift */,
				839BD2382BA04D6800BEA022 /* StringExtension.swift */,
				8396D2B22BA313B70006A4A0 /* LabelExtension.swift */,
				8396D2B42BA3173B0006A4A0 /* UISwitchExtension.swift */,
				3AFD14E02BED3E8200C86030 /* ViewExtensions.swift */,
				3AFA9E642BF3EF3A000EC67F /* UIViewControllerExtensions.swift */,
				3A370A602BF4E77B0045128F /* UIImageExtension.swift */,
				3A370A662BF52D070045128F /* PhotosPickerExtension.swift */,
				3AC0E2B62BF62A5700D86E85 /* NotificatorCenterExtensions.swift */,
			);
			path = extensions;
			sourceTree = "<group>";
		};
		8396D2B62BA326E30006A4A0 /* Lenguages */ = {
			isa = PBXGroup;
			children = (
				8396D2BF2BA32A2D0006A4A0 /* Localizable.xcstrings */,
			);
			path = Lenguages;
			sourceTree = "<group>";
		};
		839896B42BAC3CCB001146CE /* SharedPreferences */ = {
			isa = PBXGroup;
			children = (
				839896B52BAC3CEA001146CE /* UserDefaultsEnum.swift */,
				839896B72BAC40A4001146CE /* KeyChainEnum.swift */,
				839896B92BAC4390001146CE /* AssetsEnum.swift */,
			);
			path = SharedPreferences;
			sourceTree = "<group>";
		};
		839BD23C2BA09CB700BEA022 /* ToolsViews */ = {
			isa = PBXGroup;
			children = (
				839BD23A2BA067F500BEA022 /* MessageSenderView.swift */,
				83EF8EBD2BB2F707001F5A28 /* ImageProfileView.swift */,
			);
			path = ToolsViews;
			sourceTree = "<group>";
		};
		83C252582B985F90004455A6 /* Models */ = {
			isa = PBXGroup;
			children = (
				838CCE812B99E97700D92B4C /* Login.swift */,
				838CCE832B9A07A600D92B4C /* User.swift */,
				838CCE852B9A114A00D92B4C /* Endpoints.swift */,
				8347619C2B9F2A1700485E2F /* Chat.swift */,
				8347619E2B9F2EA400485E2F /* Messages.swift */,
			);
			path = Models;
			sourceTree = "<group>";
		};
		83C252592B985F95004455A6 /* Base */ = {
			isa = PBXGroup;
			children = (
				83C2525A2B98606D004455A6 /* BaseError.swift */,
				83D121D72BA82E2500D607BF /* BaseViewController.swift */,
				83C2525C2B986095004455A6 /* BaseAPIClient.swift */,
				3A50D3032BDA9608002007A3 /* NetworkSession.swift */,
				3A50D3052BDA9F08002007A3 /* NetworkMonitor.swift */,
				3A50D3072BDAA02C002007A3 /* Interface.swift */,
				3A370A642BF529500045128F /* LocalPersistence.swift */,
			);
			path = Base;
			sourceTree = "<group>";
		};
		83C252632B986318004455A6 /* Splash */ = {
			isa = PBXGroup;
			children = (
				3AFD14DE2BED250700C86030 /* SplashView.swift */,
			);
			path = Splash;
			sourceTree = "<group>";
		};
		83C252642B986327004455A6 /* Home */ = {
			isa = PBXGroup;
			children = (
				83EF4C7A2BBBE4CC001EBDC7 /* Rows */,
				B3810C812B9B075200C30D63 /* HomeView.swift */,
				B3810C8B2B9B0A7D00C30D63 /* HomeViewModel.swift */,
				B3810C852B9B081900C30D63 /* HomeDataManager.swift */,
				B3810C872B9B082700C30D63 /* HomeAPIClient.swift */,
			);
			path = Home;
			sourceTree = "<group>";
		};
		83C252652B98632E004455A6 /* Settings */ = {
			isa = PBXGroup;
			children = (
				3A1CAAA42BFE7B670026F63F /* Theme */,
				3AFD14E82BED4CCB00C86030 /* Components */,
				3AFD14E22BED3EB400C86030 /* SettingsView.swift */,
				8396D2AA2BA3019E0006A4A0 /* SettingsViewModel.swift */,
				8396D2AC2BA301B50006A4A0 /* SettingsDataManager.swift */,
				8396D2AE2BA301CA0006A4A0 /* SettingsAPIClient.swift */,
			);
			path = Settings;
			sourceTree = "<group>";
		};
		83C252662B986339004455A6 /* Chat */ = {
			isa = PBXGroup;
			children = (
				839BD23C2BA09CB700BEA022 /* ToolsViews */,
				8347619B2B9F291800485E2F /* ChatRow */,
				8347618F2B9EED3500485E2F /* ChatView.swift */,
				834761912B9EED4800485E2F /* ChatViewModel.swift */,
				834761932B9EED5500485E2F /* ChatDataManager.swift */,
				834761952B9EED6700485E2F /* ChatAPIClient.swift */,
				834761972B9EED7E00485E2F /* ChatWireframe.swift */,
			);
			path = Chat;
			sourceTree = "<group>";
		};
		83C252672B98634A004455A6 /* Contacts */ = {
			isa = PBXGroup;
			children = (
				B3810CD32BA312B400C30D63 /* ContactsView.swift */,
				B3810CCB2BA3125D00C30D63 /* ContactsViewModel.swift */,
				B3810CCD2BA3126C00C30D63 /* ContactsDataManager.swift */,
				B3810CCF2BA3128000C30D63 /* ContactsAPIClient.swift */,
			);
			path = Contacts;
			sourceTree = "<group>";
		};
		83C252682B98635C004455A6 /* Profile */ = {
			isa = PBXGroup;
			children = (
				3AFA9E632BF3E2FE000EC67F /* Helpers */,
				3AFA9E5C2BF3B067000EC67F /* ProfileView.swift */,
				838CCE8B2B9A16BA00D92B4C /* ProfileViewModel.swift */,
				838CCE8D2B9A16D900D92B4C /* ProfileDataManager.swift */,
				838CCE8F2B9A16EF00D92B4C /* ProfileAPIClient.swift */,
			);
			path = Profile;
			sourceTree = "<group>";
		};
		83D121D92BA8A52D00D607BF /* Biometric */ = {
			isa = PBXGroup;
			children = (
				83D121DA2BA8A58E00D607BF /* BiometricAuthentication.swift */,
			);
			path = Biometric;
			sourceTree = "<group>";
		};
		83EF4C7A2BBBE4CC001EBDC7 /* Rows */ = {
			isa = PBXGroup;
			children = (
				83EF4C782BBBE358001EBDC7 /* ChatRow.swift */,
			);
			path = Rows;
			sourceTree = "<group>";
		};
/* End PBXGroup section */

/* Begin PBXNativeTarget section */
		833889F92B976FC9006F122D /* WhatsVass */ = {
			isa = PBXNativeTarget;
			buildConfigurationList = 83388A272B976FCA006F122D /* Build configuration list for PBXNativeTarget "WhatsVass" */;
			buildPhases = (
				833889F62B976FC9006F122D /* Sources */,
				833889F72B976FC9006F122D /* Frameworks */,
				833889F82B976FC9006F122D /* Resources */,
			);
			buildRules = (
			);
			dependencies = (
			);
			name = WhatsVass;
			packageProductDependencies = (
				3A3F1DD52C06104800BFB48E /* KeychainSwift */,
			);
			productName = WhatsVass;
			productReference = 833889FA2B976FC9006F122D /* WhatsVass.app */;
			productType = "com.apple.product-type.application";
		};
		83388A122B976FCA006F122D /* WhatsVassTests */ = {
			isa = PBXNativeTarget;
			buildConfigurationList = 83388A2A2B976FCA006F122D /* Build configuration list for PBXNativeTarget "WhatsVassTests" */;
			buildPhases = (
				83388A0F2B976FCA006F122D /* Sources */,
				83388A102B976FCA006F122D /* Frameworks */,
				83388A112B976FCA006F122D /* Resources */,
			);
			buildRules = (
			);
			dependencies = (
				83388A152B976FCA006F122D /* PBXTargetDependency */,
			);
			name = WhatsVassTests;
			productName = WhatsVassTests;
			productReference = 83388A132B976FCA006F122D /* WhatsVassTests.xctest */;
			productType = "com.apple.product-type.bundle.unit-test";
		};
/* End PBXNativeTarget section */

/* Begin PBXProject section */
		833889F22B976FC9006F122D /* Project object */ = {
			isa = PBXProject;
			attributes = {
				BuildIndependentTargetsInParallel = 1;
				LastSwiftUpdateCheck = 1510;
				LastUpgradeCheck = 1530;
				TargetAttributes = {
					833889F92B976FC9006F122D = {
						CreatedOnToolsVersion = 15.1;
					};
					83388A122B976FCA006F122D = {
						CreatedOnToolsVersion = 15.1;
						TestTargetID = 833889F92B976FC9006F122D;
					};
				};
			};
			buildConfigurationList = 833889F52B976FC9006F122D /* Build configuration list for PBXProject "WhatsVass" */;
			compatibilityVersion = "Xcode 14.0";
			developmentRegion = en;
			hasScannedForEncodings = 0;
			knownRegions = (
				en,
				es,
				Base,
			);
			mainGroup = 833889F12B976FC9006F122D;
			packageReferences = (
				B37D7CA02BB0E8EA0080B152 /* XCRemoteSwiftPackageReference "keychain-swift" */,
			);
			productRefGroup = 833889FB2B976FC9006F122D /* Products */;
			projectDirPath = "";
			projectRoot = "";
			targets = (
				833889F92B976FC9006F122D /* WhatsVass */,
				83388A122B976FCA006F122D /* WhatsVassTests */,
			);
		};
/* End PBXProject section */

/* Begin PBXResourcesBuildPhase section */
		833889F82B976FC9006F122D /* Resources */ = {
			isa = PBXResourcesBuildPhase;
			buildActionMask = 2147483647;
			files = (
				83388A0A2B976FCA006F122D /* Assets.xcassets in Resources */,
				3A6806A12BEC041200EBD93E /* createAndRegisterProfile.json in Resources */,
				3A6806992BEC041200EBD93E /* loginResponse.json in Resources */,
				3A6806A22BEC041200EBD93E /* response.json in Resources */,
				3A6806A02BEC041200EBD93E /* ChatList.json in Resources */,
				3A68069C2BEC041200EBD93E /* messages.json in Resources */,
				8396D2C02BA32A2D0006A4A0 /* Localizable.xcstrings in Resources */,
				3A68069D2BEC041200EBD93E /* newChat.json in Resources */,
				3A68069B2BEC041200EBD93E /* getContacts.json in Resources */,
				3A68069F2BEC041200EBD93E /* logoutResponse.json in Resources */,
				3A68069A2BEC041200EBD93E /* getChats.json in Resources */,
				3A68069E2BEC041200EBD93E /* createChat.json in Resources */,
			);
			runOnlyForDeploymentPostprocessing = 0;
		};
		83388A112B976FCA006F122D /* Resources */ = {
			isa = PBXResourcesBuildPhase;
			buildActionMask = 2147483647;
			files = (
				3A04164D2BEB89AE0012D400 /* messages.json in Resources */,
				3A04164A2BEB89AE0012D400 /* createAndRegisterProfile.json in Resources */,
				3A0416542BEBA3A80012D400 /* logoutResponse.json in Resources */,
				3A0416472BEB89AE0012D400 /* loginResponse.json in Resources */,
				3A0416452BEB89AE0012D400 /* getChats.json in Resources */,
				3A0416482BEB89AE0012D400 /* newChat.json in Resources */,
				3A0416492BEB89AE0012D400 /* ChatList.json in Resources */,
				3A0416562BEBA8A70012D400 /* createChat.json in Resources */,
				3A0416462BEB89AE0012D400 /* getContacts.json in Resources */,
				3A04164C2BEB89AE0012D400 /* response.json in Resources */,
			);
			runOnlyForDeploymentPostprocessing = 0;
		};
/* End PBXResourcesBuildPhase section */

/* Begin PBXSourcesBuildPhase section */
		833889F62B976FC9006F122D /* Sources */ = {
			isa = PBXSourcesBuildPhase;
			buildActionMask = 2147483647;
			files = (
				3A4329B22BEA35C20027E021 /* Preview+Models.swift in Sources */,
				8347619F2B9F2EA400485E2F /* Messages.swift in Sources */,
				83C2525D2B986095004455A6 /* BaseAPIClient.swift in Sources */,
				3A50D3062BDA9F08002007A3 /* NetworkMonitor.swift in Sources */,
				B3810CCE2BA3126C00C30D63 /* ContactsDataManager.swift in Sources */,
				3A14DE882C087E020013FE57 /* SecureKit.swift in Sources */,
				3A0923F92BF272F200538A1D /* LogoVassView.swift in Sources */,
				3AFA9E622BF3E1A9000EC67F /* PasswordValidator.swift in Sources */,
				83D121DB2BA8A58E00D607BF /* BiometricAuthentication.swift in Sources */,
				83388A3C2B9775B2006F122D /* LoginDataManager.swift in Sources */,
				8347619A2B9F224000485E2F /* MessageRow.swift in Sources */,
				8396D2B32BA313B70006A4A0 /* LabelExtension.swift in Sources */,
				3AFD14E72BED4B5300C86030 /* KeychainMock.swift in Sources */,
				834761942B9EED5500485E2F /* ChatDataManager.swift in Sources */,
				834761922B9EED4800485E2F /* ChatViewModel.swift in Sources */,
				834761982B9EED7E00485E2F /* ChatWireframe.swift in Sources */,
				833889FE2B976FC9006F122D /* AppDelegate.swift in Sources */,
				3AFD14EC2BED4CFD00C86030 /* VassToggle.swift in Sources */,
				3AFD14DD2BED024600C86030 /* UserInitialCircle.swift in Sources */,
				3A370A672BF52D070045128F /* PhotosPickerExtension.swift in Sources */,
				3A50D3082BDAA02C002007A3 /* Interface.swift in Sources */,
				8396D2AB2BA3019E0006A4A0 /* SettingsViewModel.swift in Sources */,
				83D121D82BA82E2500D607BF /* BaseViewController.swift in Sources */,
				838CCE902B9A16EF00D92B4C /* ProfileAPIClient.swift in Sources */,
				3A04165D2BEBBB3C0012D400 /* Commons.swift in Sources */,
				838CCE842B9A07A600D92B4C /* User.swift in Sources */,
				839FC2EC2B9AF99300572D1A /* UITextFieldExtension.swift in Sources */,
				839BD2392BA04D6800BEA022 /* StringExtension.swift in Sources */,
				839BD23B2BA067F500BEA022 /* MessageSenderView.swift in Sources */,
				83EF8EBE2BB2F707001F5A28 /* ImageProfileView.swift in Sources */,
				8396D2B52BA3173B0006A4A0 /* UISwitchExtension.swift in Sources */,
				3A370A612BF4E77B0045128F /* UIImageExtension.swift in Sources */,
				3AFD14E52BED4A4F00C86030 /* SettingsDataManagerMock.swift in Sources */,
				8347619D2B9F2A1700485E2F /* Chat.swift in Sources */,
				83EF4C792BBBE358001EBDC7 /* ChatRow.swift in Sources */,
				3A526D152BF7C3E500973D22 /* WhatVassApp.swift in Sources */,
				83388A3E2B9775C0006F122D /* LoginAPIClient.swift in Sources */,
				834761962B9EED6700485E2F /* ChatAPIClient.swift in Sources */,
				B3810C862B9B081900C30D63 /* HomeDataManager.swift in Sources */,
				3AFD14D72BECBE0500C86030 /* HomeDataManagerMock.swift in Sources */,
				83388A3A2B9775A0006F122D /* LoginViewModel.swift in Sources */,
				3A0923F42BF2692F00538A1D /* LoginDataManagerMock.swift in Sources */,
				8396D2AD2BA301B50006A4A0 /* SettingsDataManager.swift in Sources */,
				838CCE822B99E97700D92B4C /* Login.swift in Sources */,
				3AFD14E32BED3EB400C86030 /* SettingsView.swift in Sources */,
				838CCE8E2B9A16D900D92B4C /* ProfileDataManager.swift in Sources */,
				3AFA9E602BF3C121000EC67F /* VassTextField.swift in Sources */,
				3AC0E2C12BF6770C00D86E85 /* KeyChain.swift in Sources */,
				3AFA9E652BF3EF3A000EC67F /* UIViewControllerExtensions.swift in Sources */,
				3AFD14DF2BED250700C86030 /* SplashView.swift in Sources */,
				3A50D3042BDA9608002007A3 /* NetworkSession.swift in Sources */,
				3AFD14EE2BED4D0F00C86030 /* VassButton.swift in Sources */,
				839FC2EA2B9AF98700572D1A /* UIButtonExtension.swift in Sources */,
				3AFA9E5D2BF3B067000EC67F /* ProfileView.swift in Sources */,
				839896B62BAC3CEA001146CE /* UserDefaultsEnum.swift in Sources */,
				838CCE8C2B9A16BA00D92B4C /* ProfileViewModel.swift in Sources */,
				8396D2AF2BA301CA0006A4A0 /* SettingsAPIClient.swift in Sources */,
				834761902B9EED3500485E2F /* ChatView.swift in Sources */,
				B3810CCC2BA3125D00C30D63 /* ContactsViewModel.swift in Sources */,
				83C2525B2B98606D004455A6 /* BaseError.swift in Sources */,
				3AFD14D92BECC59A00C86030 /* ChatDataManagerMock.swift in Sources */,
				B3810CD42BA312B400C30D63 /* ContactsView.swift in Sources */,
				B3810CD02BA3128000C30D63 /* ContactsAPIClient.swift in Sources */,
				83388A002B976FC9006F122D /* SceneDelegate.swift in Sources */,
				3AFD14E12BED3E8200C86030 /* ViewExtensions.swift in Sources */,
				3AC0E2B72BF62A5700D86E85 /* NotificatorCenterExtensions.swift in Sources */,
				3A370A632BF4F9630045128F /* ContactsDataManagerMock.swift in Sources */,
				3A6806A42BEC08E800EBD93E /* Preview+Bundle.swift in Sources */,
				839896BA2BAC4390001146CE /* AssetsEnum.swift in Sources */,
				3AFD14EA2BED4CE400C86030 /* ToggleRow.swift in Sources */,
				B3810C8C2B9B0A7D00C30D63 /* HomeViewModel.swift in Sources */,
				3AFD14DB2BED020500C86030 /* UserInitialCircleStatusIndicator.swift in Sources */,
				B3810CC32B9F1E4100C30D63 /* HomeAPIClient.swift in Sources */,
				838CCE862B9A114A00D92B4C /* Endpoints.swift in Sources */,
				3A370A652BF529500045128F /* LocalPersistence.swift in Sources */,
				3AC0E2BD2BF672BA00D86E85 /* MockPersistence.swift in Sources */,
				3AC0E2B92BF638FF00D86E85 /* ProfileDataManagerMock.swift in Sources */,
				B3810C822B9B075200C30D63 /* HomeView.swift in Sources */,
				3A1CAAA62BFE7B720026F63F /* Theme.swift in Sources */,
				3AC0E2BB2BF64EA500D86E85 /* PreviewsExtensions.swift in Sources */,
				8313E3642BA97591001FA804 /* KeyChainDataProvider.swift in Sources */,
				3A0923F62BF2728100538A1D /* LoginView.swift in Sources */,
				839896B82BAC40A4001146CE /* KeyChainEnum.swift in Sources */,
			);
			runOnlyForDeploymentPostprocessing = 0;
		};
		83388A0F2B976FCA006F122D /* Sources */ = {
			isa = PBXSourcesBuildPhase;
			buildActionMask = 2147483647;
			files = (
				3A6806892BEBCD4E00EBD93E /* ContactsDataManagerTests.swift in Sources */,
				3A0416502BEB89F70012D400 /* URLSessionMock.swift in Sources */,
				3A68068B2BEBD17900EBD93E /* SettingsDataManagerTests.swift in Sources */,
				3A2E17D62BEA9BBE0039365A /* ContactsAPIClientTests.swift in Sources */,
				3A2E17DA2BEAABDB0039365A /* LoginAPIClientTests.swift in Sources */,
				3A0416612BEBC6970012D400 /* ProfileDataManagerTests.swift in Sources */,
				3A2E17D42BEA93F20039365A /* ProfileAPIClientTests.swift in Sources */,
				3A38C9B62BEA6D270068D8F0 /* HomeAPIClientTests.swift in Sources */,
				3A0416522BEB8C010012D400 /* LoginDataManagerTests.swift in Sources */,
				3A04165B2BEBBA760012D400 /* HomeDataManagerTests.swift in Sources */,
				3A2E17DC2BEAAE6F0039365A /* Helpers.swift in Sources */,
				3A2E17D82BEAA4350039365A /* SettingsAPIClientTests.swift in Sources */,
				3A38C9B82BEA7A550068D8F0 /* ChatAPIClientTests.swift in Sources */,
				3A04165F2BEBC0F80012D400 /* ChatDataManagerTests.swift in Sources */,
			);
			runOnlyForDeploymentPostprocessing = 0;
		};
/* End PBXSourcesBuildPhase section */

/* Begin PBXTargetDependency section */
		83388A152B976FCA006F122D /* PBXTargetDependency */ = {
			isa = PBXTargetDependency;
			target = 833889F92B976FC9006F122D /* WhatsVass */;
			targetProxy = 83388A142B976FCA006F122D /* PBXContainerItemProxy */;
		};
/* End PBXTargetDependency section */

/* Begin XCBuildConfiguration section */
		83388A252B976FCA006F122D /* Debug */ = {
			isa = XCBuildConfiguration;
			buildSettings = {
				ALWAYS_SEARCH_USER_PATHS = NO;
				ASSETCATALOG_COMPILER_GENERATE_SWIFT_ASSET_SYMBOL_EXTENSIONS = YES;
				CLANG_ANALYZER_LOCALIZABILITY_NONLOCALIZED = YES;
				CLANG_ANALYZER_NONNULL = YES;
				CLANG_ANALYZER_NUMBER_OBJECT_CONVERSION = YES_AGGRESSIVE;
				CLANG_CXX_LANGUAGE_STANDARD = "gnu++20";
				CLANG_ENABLE_MODULES = YES;
				CLANG_ENABLE_OBJC_ARC = YES;
				CLANG_ENABLE_OBJC_WEAK = YES;
				CLANG_WARN_BLOCK_CAPTURE_AUTORELEASING = YES;
				CLANG_WARN_BOOL_CONVERSION = YES;
				CLANG_WARN_COMMA = YES;
				CLANG_WARN_CONSTANT_CONVERSION = YES;
				CLANG_WARN_DEPRECATED_OBJC_IMPLEMENTATIONS = YES;
				CLANG_WARN_DIRECT_OBJC_ISA_USAGE = YES_ERROR;
				CLANG_WARN_DOCUMENTATION_COMMENTS = YES;
				CLANG_WARN_EMPTY_BODY = YES;
				CLANG_WARN_ENUM_CONVERSION = YES;
				CLANG_WARN_INFINITE_RECURSION = YES;
				CLANG_WARN_INT_CONVERSION = YES;
				CLANG_WARN_NON_LITERAL_NULL_CONVERSION = YES;
				CLANG_WARN_OBJC_IMPLICIT_RETAIN_SELF = YES;
				CLANG_WARN_OBJC_LITERAL_CONVERSION = YES;
				CLANG_WARN_OBJC_ROOT_CLASS = YES_ERROR;
				CLANG_WARN_QUOTED_INCLUDE_IN_FRAMEWORK_HEADER = YES;
				CLANG_WARN_RANGE_LOOP_ANALYSIS = YES;
				CLANG_WARN_STRICT_PROTOTYPES = YES;
				CLANG_WARN_SUSPICIOUS_MOVE = YES;
				CLANG_WARN_UNGUARDED_AVAILABILITY = YES_AGGRESSIVE;
				CLANG_WARN_UNREACHABLE_CODE = YES;
				CLANG_WARN__DUPLICATE_METHOD_MATCH = YES;
				COPY_PHASE_STRIP = NO;
				DEBUG_INFORMATION_FORMAT = dwarf;
				ENABLE_STRICT_OBJC_MSGSEND = YES;
				ENABLE_TESTABILITY = YES;
				ENABLE_USER_SCRIPT_SANDBOXING = NO;
				GCC_C_LANGUAGE_STANDARD = gnu17;
				GCC_DYNAMIC_NO_PIC = NO;
				GCC_NO_COMMON_BLOCKS = YES;
				GCC_OPTIMIZATION_LEVEL = 0;
				GCC_PREPROCESSOR_DEFINITIONS = (
					"DEBUG=1",
					"$(inherited)",
				);
				GCC_WARN_64_TO_32_BIT_CONVERSION = YES;
				GCC_WARN_ABOUT_RETURN_TYPE = YES_ERROR;
				GCC_WARN_UNDECLARED_SELECTOR = YES;
				GCC_WARN_UNINITIALIZED_AUTOS = YES_AGGRESSIVE;
				GCC_WARN_UNUSED_FUNCTION = YES;
				GCC_WARN_UNUSED_VARIABLE = YES;
				IPHONEOS_DEPLOYMENT_TARGET = 17.2;
				LOCALIZATION_PREFERS_STRING_CATALOGS = YES;
				MTL_ENABLE_DEBUG_INFO = INCLUDE_SOURCE;
				MTL_FAST_MATH = YES;
				ONLY_ACTIVE_ARCH = YES;
				SDKROOT = iphoneos;
				SWIFT_ACTIVE_COMPILATION_CONDITIONS = "DEBUG $(inherited)";
				SWIFT_OPTIMIZATION_LEVEL = "-Onone";
			};
			name = Debug;
		};
		83388A262B976FCA006F122D /* Release */ = {
			isa = XCBuildConfiguration;
			buildSettings = {
				ALWAYS_SEARCH_USER_PATHS = NO;
				ASSETCATALOG_COMPILER_GENERATE_SWIFT_ASSET_SYMBOL_EXTENSIONS = YES;
				CLANG_ANALYZER_LOCALIZABILITY_NONLOCALIZED = YES;
				CLANG_ANALYZER_NONNULL = YES;
				CLANG_ANALYZER_NUMBER_OBJECT_CONVERSION = YES_AGGRESSIVE;
				CLANG_CXX_LANGUAGE_STANDARD = "gnu++20";
				CLANG_ENABLE_MODULES = YES;
				CLANG_ENABLE_OBJC_ARC = YES;
				CLANG_ENABLE_OBJC_WEAK = YES;
				CLANG_WARN_BLOCK_CAPTURE_AUTORELEASING = YES;
				CLANG_WARN_BOOL_CONVERSION = YES;
				CLANG_WARN_COMMA = YES;
				CLANG_WARN_CONSTANT_CONVERSION = YES;
				CLANG_WARN_DEPRECATED_OBJC_IMPLEMENTATIONS = YES;
				CLANG_WARN_DIRECT_OBJC_ISA_USAGE = YES_ERROR;
				CLANG_WARN_DOCUMENTATION_COMMENTS = YES;
				CLANG_WARN_EMPTY_BODY = YES;
				CLANG_WARN_ENUM_CONVERSION = YES;
				CLANG_WARN_INFINITE_RECURSION = YES;
				CLANG_WARN_INT_CONVERSION = YES;
				CLANG_WARN_NON_LITERAL_NULL_CONVERSION = YES;
				CLANG_WARN_OBJC_IMPLICIT_RETAIN_SELF = YES;
				CLANG_WARN_OBJC_LITERAL_CONVERSION = YES;
				CLANG_WARN_OBJC_ROOT_CLASS = YES_ERROR;
				CLANG_WARN_QUOTED_INCLUDE_IN_FRAMEWORK_HEADER = YES;
				CLANG_WARN_RANGE_LOOP_ANALYSIS = YES;
				CLANG_WARN_STRICT_PROTOTYPES = YES;
				CLANG_WARN_SUSPICIOUS_MOVE = YES;
				CLANG_WARN_UNGUARDED_AVAILABILITY = YES_AGGRESSIVE;
				CLANG_WARN_UNREACHABLE_CODE = YES;
				CLANG_WARN__DUPLICATE_METHOD_MATCH = YES;
				COPY_PHASE_STRIP = NO;
				DEBUG_INFORMATION_FORMAT = "dwarf-with-dsym";
				ENABLE_NS_ASSERTIONS = NO;
				ENABLE_STRICT_OBJC_MSGSEND = YES;
				ENABLE_USER_SCRIPT_SANDBOXING = NO;
				GCC_C_LANGUAGE_STANDARD = gnu17;
				GCC_NO_COMMON_BLOCKS = YES;
				GCC_WARN_64_TO_32_BIT_CONVERSION = YES;
				GCC_WARN_ABOUT_RETURN_TYPE = YES_ERROR;
				GCC_WARN_UNDECLARED_SELECTOR = YES;
				GCC_WARN_UNINITIALIZED_AUTOS = YES_AGGRESSIVE;
				GCC_WARN_UNUSED_FUNCTION = YES;
				GCC_WARN_UNUSED_VARIABLE = YES;
				IPHONEOS_DEPLOYMENT_TARGET = 17.2;
				LOCALIZATION_PREFERS_STRING_CATALOGS = YES;
				MTL_ENABLE_DEBUG_INFO = NO;
				MTL_FAST_MATH = YES;
				SDKROOT = iphoneos;
				SWIFT_COMPILATION_MODE = wholemodule;
				VALIDATE_PRODUCT = YES;
			};
			name = Release;
		};
		83388A282B976FCA006F122D /* Debug */ = {
			isa = XCBuildConfiguration;
			buildSettings = {
				ASSETCATALOG_COMPILER_APPICON_NAME = AppIcon;
				ASSETCATALOG_COMPILER_GLOBAL_ACCENT_COLOR_NAME = AccentColor;
				CODE_SIGN_ENTITLEMENTS = WhatsVass/WhatsVass.entitlements;
				CODE_SIGN_STYLE = Automatic;
				CURRENT_PROJECT_VERSION = 1;
				GENERATE_INFOPLIST_FILE = YES;
				INFOPLIST_FILE = WhatsVass/Info.plist;
				INFOPLIST_KEY_LSApplicationCategoryType = "public.app-category.social-networking";
				INFOPLIST_KEY_NSFaceIDUsageDescription = "Face ID";
				INFOPLIST_KEY_UIApplicationSupportsIndirectInputEvents = YES;
				INFOPLIST_KEY_UILaunchStoryboardName = LaunchScreen;
				INFOPLIST_KEY_UISupportedInterfaceOrientations = UIInterfaceOrientationPortrait;
				INFOPLIST_KEY_UISupportedInterfaceOrientations_iPad = "UIInterfaceOrientationLandscapeLeft UIInterfaceOrientationLandscapeRight UIInterfaceOrientationPortrait UIInterfaceOrientationPortraitUpsideDown";
				IPHONEOS_DEPLOYMENT_TARGET = 17.2;
				LD_RUNPATH_SEARCH_PATHS = (
					"$(inherited)",
					"@executable_path/Frameworks",
				);
				MARKETING_VERSION = 1.0;
				PRODUCT_BUNDLE_IDENTIFIER = VassCompany.WhatsVass;
				PRODUCT_NAME = "$(TARGET_NAME)";
				SWIFT_EMIT_LOC_STRINGS = YES;
				SWIFT_VERSION = 5.0;
				TARGETED_DEVICE_FAMILY = "1,2";
			};
			name = Debug;
		};
		83388A292B976FCA006F122D /* Release */ = {
			isa = XCBuildConfiguration;
			buildSettings = {
				ASSETCATALOG_COMPILER_APPICON_NAME = AppIcon;
				ASSETCATALOG_COMPILER_GLOBAL_ACCENT_COLOR_NAME = AccentColor;
				CODE_SIGN_ENTITLEMENTS = WhatsVass/WhatsVass.entitlements;
				CODE_SIGN_STYLE = Automatic;
				CURRENT_PROJECT_VERSION = 1;
				GENERATE_INFOPLIST_FILE = YES;
				INFOPLIST_FILE = WhatsVass/Info.plist;
				INFOPLIST_KEY_LSApplicationCategoryType = "public.app-category.social-networking";
				INFOPLIST_KEY_NSFaceIDUsageDescription = "Face ID";
				INFOPLIST_KEY_UIApplicationSupportsIndirectInputEvents = YES;
				INFOPLIST_KEY_UILaunchStoryboardName = LaunchScreen;
				INFOPLIST_KEY_UISupportedInterfaceOrientations = UIInterfaceOrientationPortrait;
				INFOPLIST_KEY_UISupportedInterfaceOrientations_iPad = "UIInterfaceOrientationLandscapeLeft UIInterfaceOrientationLandscapeRight UIInterfaceOrientationPortrait UIInterfaceOrientationPortraitUpsideDown";
				IPHONEOS_DEPLOYMENT_TARGET = 17.2;
				LD_RUNPATH_SEARCH_PATHS = (
					"$(inherited)",
					"@executable_path/Frameworks",
				);
				MARKETING_VERSION = 1.0;
				PRODUCT_BUNDLE_IDENTIFIER = VassCompany.WhatsVass;
				PRODUCT_NAME = "$(TARGET_NAME)";
				SWIFT_EMIT_LOC_STRINGS = YES;
				SWIFT_VERSION = 5.0;
				TARGETED_DEVICE_FAMILY = "1,2";
			};
			name = Release;
		};
		83388A2B2B976FCA006F122D /* Debug */ = {
			isa = XCBuildConfiguration;
			buildSettings = {
				ALWAYS_EMBED_SWIFT_STANDARD_LIBRARIES = YES;
				BUNDLE_LOADER = "$(TEST_HOST)";
				CODE_SIGN_STYLE = Automatic;
				CURRENT_PROJECT_VERSION = 1;
				GENERATE_INFOPLIST_FILE = YES;
				IPHONEOS_DEPLOYMENT_TARGET = 17.2;
				MARKETING_VERSION = 1.0;
				PRODUCT_BUNDLE_IDENTIFIER = VassCompany.WhatsVassTests;
				PRODUCT_NAME = "$(TARGET_NAME)";
				SWIFT_EMIT_LOC_STRINGS = NO;
				SWIFT_VERSION = 5.0;
				TARGETED_DEVICE_FAMILY = "1,2";
				TEST_HOST = "$(BUILT_PRODUCTS_DIR)/WhatsVass.app/$(BUNDLE_EXECUTABLE_FOLDER_PATH)/WhatsVass";
			};
			name = Debug;
		};
		83388A2C2B976FCA006F122D /* Release */ = {
			isa = XCBuildConfiguration;
			buildSettings = {
				ALWAYS_EMBED_SWIFT_STANDARD_LIBRARIES = YES;
				BUNDLE_LOADER = "$(TEST_HOST)";
				CODE_SIGN_STYLE = Automatic;
				CURRENT_PROJECT_VERSION = 1;
				GENERATE_INFOPLIST_FILE = YES;
				IPHONEOS_DEPLOYMENT_TARGET = 17.2;
				MARKETING_VERSION = 1.0;
				PRODUCT_BUNDLE_IDENTIFIER = VassCompany.WhatsVassTests;
				PRODUCT_NAME = "$(TARGET_NAME)";
				SWIFT_EMIT_LOC_STRINGS = NO;
				SWIFT_VERSION = 5.0;
				TARGETED_DEVICE_FAMILY = "1,2";
				TEST_HOST = "$(BUILT_PRODUCTS_DIR)/WhatsVass.app/$(BUNDLE_EXECUTABLE_FOLDER_PATH)/WhatsVass";
			};
			name = Release;
		};
/* End XCBuildConfiguration section */

/* Begin XCConfigurationList section */
		833889F52B976FC9006F122D /* Build configuration list for PBXProject "WhatsVass" */ = {
			isa = XCConfigurationList;
			buildConfigurations = (
				83388A252B976FCA006F122D /* Debug */,
				83388A262B976FCA006F122D /* Release */,
			);
			defaultConfigurationIsVisible = 0;
			defaultConfigurationName = Release;
		};
		83388A272B976FCA006F122D /* Build configuration list for PBXNativeTarget "WhatsVass" */ = {
			isa = XCConfigurationList;
			buildConfigurations = (
				83388A282B976FCA006F122D /* Debug */,
				83388A292B976FCA006F122D /* Release */,
			);
			defaultConfigurationIsVisible = 0;
			defaultConfigurationName = Release;
		};
		83388A2A2B976FCA006F122D /* Build configuration list for PBXNativeTarget "WhatsVassTests" */ = {
			isa = XCConfigurationList;
			buildConfigurations = (
				83388A2B2B976FCA006F122D /* Debug */,
				83388A2C2B976FCA006F122D /* Release */,
			);
			defaultConfigurationIsVisible = 0;
			defaultConfigurationName = Release;
		};
/* End XCConfigurationList section */

/* Begin XCRemoteSwiftPackageReference section */
		B37D7CA02BB0E8EA0080B152 /* XCRemoteSwiftPackageReference "keychain-swift" */ = {
			isa = XCRemoteSwiftPackageReference;
			repositoryURL = "https://github.com/evgenyneu/keychain-swift";
			requirement = {
				kind = upToNextMajorVersion;
				minimumVersion = 21.0.0;
			};
		};
/* End XCRemoteSwiftPackageReference section */

/* Begin XCSwiftPackageProductDependency section */
		3A3F1DD52C06104800BFB48E /* KeychainSwift */ = {
			isa = XCSwiftPackageProductDependency;
			productName = KeychainSwift;
		};
/* End XCSwiftPackageProductDependency section */
	};
	rootObject = 833889F22B976FC9006F122D /* Project object */;
}
